Microsoft Visual Studio Solution File, Format Version 12.00
# Visual Studio 2013
VisualStudioVersion = 12.0.21005.1
MinimumVisualStudioVersion = 10.0.40219.1
Project("{8BC9CEB8-8B4A-11D0-8D11-00A0C91BC942}") = "ALL_BUILD", "ALL_BUILD.vcxproj", "{B9D1C577-6DB1-413E-9A3C-DA6AA5487827}"
	ProjectSection(ProjectDependencies) = postProject
		{D4B28F19-2CA1-4F24-8640-D3A8682D5F30} = {D4B28F19-2CA1-4F24-8640-D3A8682D5F30}
		{4C0C0585-B837-4F74-9C9F-AB42B64734A2} = {4C0C0585-B837-4F74-9C9F-AB42B64734A2}
		{B320E440-6F01-4310-8298-A7F51DA16112} = {B320E440-6F01-4310-8298-A7F51DA16112}
		{2442FE25-5764-4F8E-8301-AD596D54C4C5} = {2442FE25-5764-4F8E-8301-AD596D54C4C5}
		{7A38435D-E638-48D4-88C5-3875CAABFB8F} = {7A38435D-E638-48D4-88C5-3875CAABFB8F}
		{95E7F3E8-9FDC-47CD-83C1-978A1AF715B4} = {95E7F3E8-9FDC-47CD-83C1-978A1AF715B4}
		{4632694D-754D-4B61-8641-BEB501B1D869} = {4632694D-754D-4B61-8641-BEB501B1D869}
		{7A7827E0-E12A-4B65-8B17-F0CA950CDD4F} = {7A7827E0-E12A-4B65-8B17-F0CA950CDD4F}
		{07C2F603-B062-4D91-AE04-71C82104E64B} = {07C2F603-B062-4D91-AE04-71C82104E64B}
		{442C50EA-F7CB-4A15-B4C7-ECBFEF65C831} = {442C50EA-F7CB-4A15-B4C7-ECBFEF65C831}
		{86F4D0E5-27F6-4840-961A-1E1558FAD30F} = {86F4D0E5-27F6-4840-961A-1E1558FAD30F}
		{3A939501-44E0-46FA-B25D-3576A178BFF1} = {3A939501-44E0-46FA-B25D-3576A178BFF1}
		{9C797A67-1578-44B1-8FFA-9112D2625DB9} = {9C797A67-1578-44B1-8FFA-9112D2625DB9}
		{687A0A2E-3E13-400D-BEE3-E1D911F82836} = {687A0A2E-3E13-400D-BEE3-E1D911F82836}
		{2D8F6E99-4E33-4248-8884-E3E7BB698AE2} = {2D8F6E99-4E33-4248-8884-E3E7BB698AE2}
		{5E657353-777C-41DC-82E5-98A2286FA968} = {5E657353-777C-41DC-82E5-98A2286FA968}
		{ADB0D9C3-C4DA-4F57-8D68-B18FD62CCAA2} = {ADB0D9C3-C4DA-4F57-8D68-B18FD62CCAA2}
		{837018DE-8047-4953-91DC-F6E329C12DCB} = {837018DE-8047-4953-91DC-F6E329C12DCB}
		{EBD62C1C-314E-4D99-A868-726B8C6E22B2} = {EBD62C1C-314E-4D99-A868-726B8C6E22B2}
		{D953B49A-BDC3-45B7-9D2F-9EC64037BC99} = {D953B49A-BDC3-45B7-9D2F-9EC64037BC99}
		{CD60AA66-3AEE-4BE3-8A83-F65ED081634E} = {CD60AA66-3AEE-4BE3-8A83-F65ED081634E}
		{92D67050-6A8A-408B-86F4-BBFB32B9DFD0} = {92D67050-6A8A-408B-86F4-BBFB32B9DFD0}
		{2F2E8B34-70C5-4AB1-92B9-5E0EF4F4EF4C} = {2F2E8B34-70C5-4AB1-92B9-5E0EF4F4EF4C}
		{4A59D987-3FE3-409C-9E84-152293EA4AE4} = {4A59D987-3FE3-409C-9E84-152293EA4AE4}
		{FD75C491-6F15-4B93-86FD-E0B5E909150A} = {FD75C491-6F15-4B93-86FD-E0B5E909150A}
		{DEC2FF0F-9882-4753-ACDA-997240FF6359} = {DEC2FF0F-9882-4753-ACDA-997240FF6359}
		{D8DAAA37-17B8-4C7B-93CA-3C04DBEBB494} = {D8DAAA37-17B8-4C7B-93CA-3C04DBEBB494}
		{4F5F2B9F-A22E-4B91-80D0-354FBC7325FE} = {4F5F2B9F-A22E-4B91-80D0-354FBC7325FE}
		{7B402642-46B2-4020-B19C-E9A440CF241A} = {7B402642-46B2-4020-B19C-E9A440CF241A}
		{8521A529-D57E-4081-A45F-6A7A0FA7C190} = {8521A529-D57E-4081-A45F-6A7A0FA7C190}
		{4840B2E0-9C7A-4B08-A32C-E7ED672F5027} = {4840B2E0-9C7A-4B08-A32C-E7ED672F5027}
		{409CFBCA-4236-4560-88F0-B26A44F82E46} = {409CFBCA-4236-4560-88F0-B26A44F82E46}
		{E4ACCF42-90DA-43A2-8DEF-5835A18B1E80} = {E4ACCF42-90DA-43A2-8DEF-5835A18B1E80}
		{10BB8DC4-B3D5-4E2A-A83E-5CCF9A2E4FCA} = {10BB8DC4-B3D5-4E2A-A83E-5CCF9A2E4FCA}
		{CA2D57A3-4B07-4A61-BD5B-0C5D49958C13} = {CA2D57A3-4B07-4A61-BD5B-0C5D49958C13}
		{94BAD0ED-84B6-46D5-B5B3-257E53B29C69} = {94BAD0ED-84B6-46D5-B5B3-257E53B29C69}
		{1CF9B32B-2F57-4676-8D48-B45E5979E22B} = {1CF9B32B-2F57-4676-8D48-B45E5979E22B}
		{145C3233-DE22-44CC-A6F4-2B322EB3C6EC} = {145C3233-DE22-44CC-A6F4-2B322EB3C6EC}
		{C0DAAD70-2E3E-4BE9-A324-BE34DB62687F} = {C0DAAD70-2E3E-4BE9-A324-BE34DB62687F}
		{F009B1BA-E006-4025-AD0A-ED796047CE71} = {F009B1BA-E006-4025-AD0A-ED796047CE71}
		{541BD22F-D878-4F84-8D2C-0B1369A8493E} = {541BD22F-D878-4F84-8D2C-0B1369A8493E}
		{46C6FC57-88EA-480D-8F94-9C4A9CFA6277} = {46C6FC57-88EA-480D-8F94-9C4A9CFA6277}
		{25C1520C-EB66-49D7-AC9B-7C842294AD21} = {25C1520C-EB66-49D7-AC9B-7C842294AD21}
		{C8C779CC-BF2F-474C-A8BE-CE0941AD5020} = {C8C779CC-BF2F-474C-A8BE-CE0941AD5020}
		{401250EF-C102-4D1B-8683-9E69C78491C7} = {401250EF-C102-4D1B-8683-9E69C78491C7}
		{C904086B-C7D0-46D4-A9EF-29FC502F3456} = {C904086B-C7D0-46D4-A9EF-29FC502F3456}
		{FD7E4553-4806-406C-94E9-2DEFB62CC521} = {FD7E4553-4806-406C-94E9-2DEFB62CC521}
		{226FA699-CFA1-4D15-9109-4EF791F7C9D8} = {226FA699-CFA1-4D15-9109-4EF791F7C9D8}
		{C395F55B-BA77-4924-BEE9-D09DD82B5061} = {C395F55B-BA77-4924-BEE9-D09DD82B5061}
		{91437A84-D4E2-4524-889B-8778BAEC7527} = {91437A84-D4E2-4524-889B-8778BAEC7527}
		{070C1C2A-3F26-4D6E-9FEC-1E840FBF5B73} = {070C1C2A-3F26-4D6E-9FEC-1E840FBF5B73}
		{D7733FBF-B1AB-42F9-B54E-E1114B1A2652} = {D7733FBF-B1AB-42F9-B54E-E1114B1A2652}
		{59AB3966-C84D-406E-8DBF-F5A24A5A997C} = {59AB3966-C84D-406E-8DBF-F5A24A5A997C}
		{83624933-D896-4210-9F3B-4EA3B91CCB12} = {83624933-D896-4210-9F3B-4EA3B91CCB12}
		{66C75B45-3C68-4601-8AEC-1C26D0672484} = {66C75B45-3C68-4601-8AEC-1C26D0672484}
		{150E653D-E9A9-4A1D-9629-99F6FCE31A38} = {150E653D-E9A9-4A1D-9629-99F6FCE31A38}
		{C551A57B-288D-4814-91E5-933630AD1162} = {C551A57B-288D-4814-91E5-933630AD1162}
		{39FD114A-2A30-4260-8FD9-D3A75304134B} = {39FD114A-2A30-4260-8FD9-D3A75304134B}
		{CA6F85A0-E92B-4DB8-B1B5-4C9CB95F16D2} = {CA6F85A0-E92B-4DB8-B1B5-4C9CB95F16D2}
		{2875E08B-44E0-4300-BA8F-5B05AD929D4E} = {2875E08B-44E0-4300-BA8F-5B05AD929D4E}
	EndProjectSection
EndProject
Project("{8BC9CEB8-8B4A-11D0-8D11-00A0C91BC942}") = "AppAllBulletDemos", "Demos\AllBulletDemos\AppAllBulletDemos.vcxproj", "{D4B28F19-2CA1-4F24-8640-D3A8682D5F30}"
	ProjectSection(ProjectDependencies) = postProject
		{401250EF-C102-4D1B-8683-9E69C78491C7} = {401250EF-C102-4D1B-8683-9E69C78491C7}
		{C904086B-C7D0-46D4-A9EF-29FC502F3456} = {C904086B-C7D0-46D4-A9EF-29FC502F3456}
		{FD7E4553-4806-406C-94E9-2DEFB62CC521} = {FD7E4553-4806-406C-94E9-2DEFB62CC521}
		{C395F55B-BA77-4924-BEE9-D09DD82B5061} = {C395F55B-BA77-4924-BEE9-D09DD82B5061}
		{070C1C2A-3F26-4D6E-9FEC-1E840FBF5B73} = {070C1C2A-3F26-4D6E-9FEC-1E840FBF5B73}
		{59AB3966-C84D-406E-8DBF-F5A24A5A997C} = {59AB3966-C84D-406E-8DBF-F5A24A5A997C}
		{83624933-D896-4210-9F3B-4EA3B91CCB12} = {83624933-D896-4210-9F3B-4EA3B91CCB12}
		{66C75B45-3C68-4601-8AEC-1C26D0672484} = {66C75B45-3C68-4601-8AEC-1C26D0672484}
		{150E653D-E9A9-4A1D-9629-99F6FCE31A38} = {150E653D-E9A9-4A1D-9629-99F6FCE31A38}
		{C551A57B-288D-4814-91E5-933630AD1162} = {C551A57B-288D-4814-91E5-933630AD1162}
		{CA6F85A0-E92B-4DB8-B1B5-4C9CB95F16D2} = {CA6F85A0-E92B-4DB8-B1B5-4C9CB95F16D2}
		{2875E08B-44E0-4300-BA8F-5B05AD929D4E} = {2875E08B-44E0-4300-BA8F-5B05AD929D4E}
	EndProjectSection
EndProject
Project("{8BC9CEB8-8B4A-11D0-8D11-00A0C91BC942}") = "AppBasicDemo", "Demos\BasicDemo\AppBasicDemo.vcxproj", "{4C0C0585-B837-4F74-9C9F-AB42B64734A2}"
	ProjectSection(ProjectDependencies) = postProject
		{401250EF-C102-4D1B-8683-9E69C78491C7} = {401250EF-C102-4D1B-8683-9E69C78491C7}
		{C904086B-C7D0-46D4-A9EF-29FC502F3456} = {C904086B-C7D0-46D4-A9EF-29FC502F3456}
		{C551A57B-288D-4814-91E5-933630AD1162} = {C551A57B-288D-4814-91E5-933630AD1162}
		{CA6F85A0-E92B-4DB8-B1B5-4C9CB95F16D2} = {CA6F85A0-E92B-4DB8-B1B5-4C9CB95F16D2}
		{2875E08B-44E0-4300-BA8F-5B05AD929D4E} = {2875E08B-44E0-4300-BA8F-5B05AD929D4E}
	EndProjectSection
EndProject
Project("{8BC9CEB8-8B4A-11D0-8D11-00A0C91BC942}") = "AppBenchmarks", "Demos\Benchmarks\AppBenchmarks.vcxproj", "{B320E440-6F01-4310-8298-A7F51DA16112}"
	ProjectSection(ProjectDependencies) = postProject
		{401250EF-C102-4D1B-8683-9E69C78491C7} = {401250EF-C102-4D1B-8683-9E69C78491C7}
		{C904086B-C7D0-46D4-A9EF-29FC502F3456} = {C904086B-C7D0-46D4-A9EF-29FC502F3456}
		{C551A57B-288D-4814-91E5-933630AD1162} = {C551A57B-288D-4814-91E5-933630AD1162}
		{CA6F85A0-E92B-4DB8-B1B5-4C9CB95F16D2} = {CA6F85A0-E92B-4DB8-B1B5-4C9CB95F16D2}
		{2875E08B-44E0-4300-BA8F-5B05AD929D4E} = {2875E08B-44E0-4300-BA8F-5B05AD929D4E}
	EndProjectSection
EndProject
Project("{8BC9CEB8-8B4A-11D0-8D11-00A0C91BC942}") = "AppBox2dDemo", "Demos\Box2dDemo\AppBox2dDemo.vcxproj", "{2442FE25-5764-4F8E-8301-AD596D54C4C5}"
	ProjectSection(ProjectDependencies) = postProject
		{401250EF-C102-4D1B-8683-9E69C78491C7} = {401250EF-C102-4D1B-8683-9E69C78491C7}
		{C904086B-C7D0-46D4-A9EF-29FC502F3456} = {C904086B-C7D0-46D4-A9EF-29FC502F3456}
		{C551A57B-288D-4814-91E5-933630AD1162} = {C551A57B-288D-4814-91E5-933630AD1162}
		{CA6F85A0-E92B-4DB8-B1B5-4C9CB95F16D2} = {CA6F85A0-E92B-4DB8-B1B5-4C9CB95F16D2}
		{2875E08B-44E0-4300-BA8F-5B05AD929D4E} = {2875E08B-44E0-4300-BA8F-5B05AD929D4E}
	EndProjectSection
EndProject
Project("{8BC9CEB8-8B4A-11D0-8D11-00A0C91BC942}") = "AppBspPhysicsDemo", "Demos\BspDemo\AppBspPhysicsDemo.vcxproj", "{7A38435D-E638-48D4-88C5-3875CAABFB8F}"
	ProjectSection(ProjectDependencies) = postProject
		{401250EF-C102-4D1B-8683-9E69C78491C7} = {401250EF-C102-4D1B-8683-9E69C78491C7}
		{C904086B-C7D0-46D4-A9EF-29FC502F3456} = {C904086B-C7D0-46D4-A9EF-29FC502F3456}
		{C551A57B-288D-4814-91E5-933630AD1162} = {C551A57B-288D-4814-91E5-933630AD1162}
		{CA6F85A0-E92B-4DB8-B1B5-4C9CB95F16D2} = {CA6F85A0-E92B-4DB8-B1B5-4C9CB95F16D2}
		{2875E08B-44E0-4300-BA8F-5B05AD929D4E} = {2875E08B-44E0-4300-BA8F-5B05AD929D4E}
	EndProjectSection
EndProject
Project("{8BC9CEB8-8B4A-11D0-8D11-00A0C91BC942}") = "AppBulletXmlImportDemo", "Demos\BulletXmlImportDemo\AppBulletXmlImportDemo.vcxproj", "{95E7F3E8-9FDC-47CD-83C1-978A1AF715B4}"
	ProjectSection(ProjectDependencies) = postProject
		{401250EF-C102-4D1B-8683-9E69C78491C7} = {401250EF-C102-4D1B-8683-9E69C78491C7}
		{C904086B-C7D0-46D4-A9EF-29FC502F3456} = {C904086B-C7D0-46D4-A9EF-29FC502F3456}
		{FD7E4553-4806-406C-94E9-2DEFB62CC521} = {FD7E4553-4806-406C-94E9-2DEFB62CC521}
		{C395F55B-BA77-4924-BEE9-D09DD82B5061} = {C395F55B-BA77-4924-BEE9-D09DD82B5061}
		{070C1C2A-3F26-4D6E-9FEC-1E840FBF5B73} = {070C1C2A-3F26-4D6E-9FEC-1E840FBF5B73}
		{D7733FBF-B1AB-42F9-B54E-E1114B1A2652} = {D7733FBF-B1AB-42F9-B54E-E1114B1A2652}
		{C551A57B-288D-4814-91E5-933630AD1162} = {C551A57B-288D-4814-91E5-933630AD1162}
		{CA6F85A0-E92B-4DB8-B1B5-4C9CB95F16D2} = {CA6F85A0-E92B-4DB8-B1B5-4C9CB95F16D2}
		{2875E08B-44E0-4300-BA8F-5B05AD929D4E} = {2875E08B-44E0-4300-BA8F-5B05AD929D4E}
	EndProjectSection
EndProject
Project("{8BC9CEB8-8B4A-11D0-8D11-00A0C91BC942}") = "AppCcdPhysicsDemo", "Demos\CcdPhysicsDemo\AppCcdPhysicsDemo.vcxproj", "{4632694D-754D-4B61-8641-BEB501B1D869}"
	ProjectSection(ProjectDependencies) = postProject
		{401250EF-C102-4D1B-8683-9E69C78491C7} = {401250EF-C102-4D1B-8683-9E69C78491C7}
		{C904086B-C7D0-46D4-A9EF-29FC502F3456} = {C904086B-C7D0-46D4-A9EF-29FC502F3456}
		{C551A57B-288D-4814-91E5-933630AD1162} = {C551A57B-288D-4814-91E5-933630AD1162}
		{CA6F85A0-E92B-4DB8-B1B5-4C9CB95F16D2} = {CA6F85A0-E92B-4DB8-B1B5-4C9CB95F16D2}
		{2875E08B-44E0-4300-BA8F-5B05AD929D4E} = {2875E08B-44E0-4300-BA8F-5B05AD929D4E}
	EndProjectSection
EndProject
Project("{8BC9CEB8-8B4A-11D0-8D11-00A0C91BC942}") = "AppCharacterDemo", "Demos\CharacterDemo\AppCharacterDemo.vcxproj", "{7A7827E0-E12A-4B65-8B17-F0CA950CDD4F}"
	ProjectSection(ProjectDependencies) = postProject
		{401250EF-C102-4D1B-8683-9E69C78491C7} = {401250EF-C102-4D1B-8683-9E69C78491C7}
		{C904086B-C7D0-46D4-A9EF-29FC502F3456} = {C904086B-C7D0-46D4-A9EF-29FC502F3456}
		{C551A57B-288D-4814-91E5-933630AD1162} = {C551A57B-288D-4814-91E5-933630AD1162}
		{CA6F85A0-E92B-4DB8-B1B5-4C9CB95F16D2} = {CA6F85A0-E92B-4DB8-B1B5-4C9CB95F16D2}
		{2875E08B-44E0-4300-BA8F-5B05AD929D4E} = {2875E08B-44E0-4300-BA8F-5B05AD929D4E}
	EndProjectSection
EndProject
Project("{8BC9CEB8-8B4A-11D0-8D11-00A0C91BC942}") = "AppCollisionDemo", "Demos\CollisionDemo\AppCollisionDemo.vcxproj", "{07C2F603-B062-4D91-AE04-71C82104E64B}"
	ProjectSection(ProjectDependencies) = postProject
		{401250EF-C102-4D1B-8683-9E69C78491C7} = {401250EF-C102-4D1B-8683-9E69C78491C7}
		{C904086B-C7D0-46D4-A9EF-29FC502F3456} = {C904086B-C7D0-46D4-A9EF-29FC502F3456}
		{C551A57B-288D-4814-91E5-933630AD1162} = {C551A57B-288D-4814-91E5-933630AD1162}
		{CA6F85A0-E92B-4DB8-B1B5-4C9CB95F16D2} = {CA6F85A0-E92B-4DB8-B1B5-4C9CB95F16D2}
		{2875E08B-44E0-4300-BA8F-5B05AD929D4E} = {2875E08B-44E0-4300-BA8F-5B05AD929D4E}
	EndProjectSection
EndProject
Project("{8BC9CEB8-8B4A-11D0-8D11-00A0C91BC942}") = "AppCollisionInterfaceDemo", "Demos\CollisionInterfaceDemo\AppCollisionInterfaceDemo.vcxproj", "{442C50EA-F7CB-4A15-B4C7-ECBFEF65C831}"
	ProjectSection(ProjectDependencies) = postProject
		{401250EF-C102-4D1B-8683-9E69C78491C7} = {401250EF-C102-4D1B-8683-9E69C78491C7}
		{C904086B-C7D0-46D4-A9EF-29FC502F3456} = {C904086B-C7D0-46D4-A9EF-29FC502F3456}
		{C551A57B-288D-4814-91E5-933630AD1162} = {C551A57B-288D-4814-91E5-933630AD1162}
		{CA6F85A0-E92B-4DB8-B1B5-4C9CB95F16D2} = {CA6F85A0-E92B-4DB8-B1B5-4C9CB95F16D2}
		{2875E08B-44E0-4300-BA8F-5B05AD929D4E} = {2875E08B-44E0-4300-BA8F-5B05AD929D4E}
	EndProjectSection
EndProject
Project("{8BC9CEB8-8B4A-11D0-8D11-00A0C91BC942}") = "AppConcaveConvexCastDemo", "Demos\ConcaveConvexcastDemo\AppConcaveConvexCastDemo.vcxproj", "{86F4D0E5-27F6-4840-961A-1E1558FAD30F}"
	ProjectSection(ProjectDependencies) = postProject
		{401250EF-C102-4D1B-8683-9E69C78491C7} = {401250EF-C102-4D1B-8683-9E69C78491C7}
		{C904086B-C7D0-46D4-A9EF-29FC502F3456} = {C904086B-C7D0-46D4-A9EF-29FC502F3456}
		{C551A57B-288D-4814-91E5-933630AD1162} = {C551A57B-288D-4814-91E5-933630AD1162}
		{CA6F85A0-E92B-4DB8-B1B5-4C9CB95F16D2} = {CA6F85A0-E92B-4DB8-B1B5-4C9CB95F16D2}
		{2875E08B-44E0-4300-BA8F-5B05AD929D4E} = {2875E08B-44E0-4300-BA8F-5B05AD929D4E}
	EndProjectSection
EndProject
Project("{8BC9CEB8-8B4A-11D0-8D11-00A0C91BC942}") = "AppConcaveDemo", "Demos\ConcaveDemo\AppConcaveDemo.vcxproj", "{3A939501-44E0-46FA-B25D-3576A178BFF1}"
	ProjectSection(ProjectDependencies) = postProject
		{401250EF-C102-4D1B-8683-9E69C78491C7} = {401250EF-C102-4D1B-8683-9E69C78491C7}
		{C904086B-C7D0-46D4-A9EF-29FC502F3456} = {C904086B-C7D0-46D4-A9EF-29FC502F3456}
		{FD7E4553-4806-406C-94E9-2DEFB62CC521} = {FD7E4553-4806-406C-94E9-2DEFB62CC521}
		{070C1C2A-3F26-4D6E-9FEC-1E840FBF5B73} = {070C1C2A-3F26-4D6E-9FEC-1E840FBF5B73}
		{C551A57B-288D-4814-91E5-933630AD1162} = {C551A57B-288D-4814-91E5-933630AD1162}
		{CA6F85A0-E92B-4DB8-B1B5-4C9CB95F16D2} = {CA6F85A0-E92B-4DB8-B1B5-4C9CB95F16D2}
		{2875E08B-44E0-4300-BA8F-5B05AD929D4E} = {2875E08B-44E0-4300-BA8F-5B05AD929D4E}
	EndProjectSection
EndProject
Project("{8BC9CEB8-8B4A-11D0-8D11-00A0C91BC942}") = "AppConcaveRayCastDemo", "Demos\ConcaveRaycastDemo\AppConcaveRayCastDemo.vcxproj", "{9C797A67-1578-44B1-8FFA-9112D2625DB9}"
	ProjectSection(ProjectDependencies) = postProject
		{401250EF-C102-4D1B-8683-9E69C78491C7} = {401250EF-C102-4D1B-8683-9E69C78491C7}
		{C904086B-C7D0-46D4-A9EF-29FC502F3456} = {C904086B-C7D0-46D4-A9EF-29FC502F3456}
		{C551A57B-288D-4814-91E5-933630AD1162} = {C551A57B-288D-4814-91E5-933630AD1162}
		{CA6F85A0-E92B-4DB8-B1B5-4C9CB95F16D2} = {CA6F85A0-E92B-4DB8-B1B5-4C9CB95F16D2}
		{2875E08B-44E0-4300-BA8F-5B05AD929D4E} = {2875E08B-44E0-4300-BA8F-5B05AD929D4E}
	EndProjectSection
EndProject
Project("{8BC9CEB8-8B4A-11D0-8D11-00A0C91BC942}") = "AppConstraintDemo", "Demos\ConstraintDemo\AppConstraintDemo.vcxproj", "{687A0A2E-3E13-400D-BEE3-E1D911F82836}"
	ProjectSection(ProjectDependencies) = postProject
		{401250EF-C102-4D1B-8683-9E69C78491C7} = {401250EF-C102-4D1B-8683-9E69C78491C7}
		{C904086B-C7D0-46D4-A9EF-29FC502F3456} = {C904086B-C7D0-46D4-A9EF-29FC502F3456}
		{FD7E4553-4806-406C-94E9-2DEFB62CC521} = {FD7E4553-4806-406C-94E9-2DEFB62CC521}
		{070C1C2A-3F26-4D6E-9FEC-1E840FBF5B73} = {070C1C2A-3F26-4D6E-9FEC-1E840FBF5B73}
		{C551A57B-288D-4814-91E5-933630AD1162} = {C551A57B-288D-4814-91E5-933630AD1162}
		{CA6F85A0-E92B-4DB8-B1B5-4C9CB95F16D2} = {CA6F85A0-E92B-4DB8-B1B5-4C9CB95F16D2}
		{2875E08B-44E0-4300-BA8F-5B05AD929D4E} = {2875E08B-44E0-4300-BA8F-5B05AD929D4E}
	EndProjectSection
EndProject
Project("{8BC9CEB8-8B4A-11D0-8D11-00A0C91BC942}") = "AppContinuousConvexCollisionDemo", "Demos\ContinuousConvexCollision\AppContinuousConvexCollisionDemo.vcxproj", "{2D8F6E99-4E33-4248-8884-E3E7BB698AE2}"
	ProjectSection(ProjectDependencies) = postProject
		{401250EF-C102-4D1B-8683-9E69C78491C7} = {401250EF-C102-4D1B-8683-9E69C78491C7}
		{C904086B-C7D0-46D4-A9EF-29FC502F3456} = {C904086B-C7D0-46D4-A9EF-29FC502F3456}
		{C551A57B-288D-4814-91E5-933630AD1162} = {C551A57B-288D-4814-91E5-933630AD1162}
		{CA6F85A0-E92B-4DB8-B1B5-4C9CB95F16D2} = {CA6F85A0-E92B-4DB8-B1B5-4C9CB95F16D2}
		{2875E08B-44E0-4300-BA8F-5B05AD929D4E} = {2875E08B-44E0-4300-BA8F-5B05AD929D4E}
	EndProjectSection
EndProject
Project("{8BC9CEB8-8B4A-11D0-8D11-00A0C91BC942}") = "AppConvexDecompositionDemo", "Demos\ConvexDecompositionDemo\AppConvexDecompositionDemo.vcxproj", "{5E657353-777C-41DC-82E5-98A2286FA968}"
	ProjectSection(ProjectDependencies) = postProject
		{401250EF-C102-4D1B-8683-9E69C78491C7} = {401250EF-C102-4D1B-8683-9E69C78491C7}
		{C904086B-C7D0-46D4-A9EF-29FC502F3456} = {C904086B-C7D0-46D4-A9EF-29FC502F3456}
		{FD7E4553-4806-406C-94E9-2DEFB62CC521} = {FD7E4553-4806-406C-94E9-2DEFB62CC521}
		{070C1C2A-3F26-4D6E-9FEC-1E840FBF5B73} = {070C1C2A-3F26-4D6E-9FEC-1E840FBF5B73}
		{59AB3966-C84D-406E-8DBF-F5A24A5A997C} = {59AB3966-C84D-406E-8DBF-F5A24A5A997C}
		{150E653D-E9A9-4A1D-9629-99F6FCE31A38} = {150E653D-E9A9-4A1D-9629-99F6FCE31A38}
		{C551A57B-288D-4814-91E5-933630AD1162} = {C551A57B-288D-4814-91E5-933630AD1162}
		{CA6F85A0-E92B-4DB8-B1B5-4C9CB95F16D2} = {CA6F85A0-E92B-4DB8-B1B5-4C9CB95F16D2}
		{2875E08B-44E0-4300-BA8F-5B05AD929D4E} = {2875E08B-44E0-4300-BA8F-5B05AD929D4E}
	EndProjectSection
EndProject
Project("{8BC9CEB8-8B4A-11D0-8D11-00A0C91BC942}") = "AppConvexHullDistanceDemo", "Demos\ConvexHullDistance\AppConvexHullDistanceDemo.vcxproj", "{ADB0D9C3-C4DA-4F57-8D68-B18FD62CCAA2}"
	ProjectSection(ProjectDependencies) = postProject
		{401250EF-C102-4D1B-8683-9E69C78491C7} = {401250EF-C102-4D1B-8683-9E69C78491C7}
		{C904086B-C7D0-46D4-A9EF-29FC502F3456} = {C904086B-C7D0-46D4-A9EF-29FC502F3456}
		{C551A57B-288D-4814-91E5-933630AD1162} = {C551A57B-288D-4814-91E5-933630AD1162}
		{CA6F85A0-E92B-4DB8-B1B5-4C9CB95F16D2} = {CA6F85A0-E92B-4DB8-B1B5-4C9CB95F16D2}
		{2875E08B-44E0-4300-BA8F-5B05AD929D4E} = {2875E08B-44E0-4300-BA8F-5B05AD929D4E}
	EndProjectSection
EndProject
Project("{8BC9CEB8-8B4A-11D0-8D11-00A0C91BC942}") = "AppDoublePrecisionDemo", "Demos\DoublePrecisionDemo\AppDoublePrecisionDemo.vcxproj", "{837018DE-8047-4953-91DC-F6E329C12DCB}"
	ProjectSection(ProjectDependencies) = postProject
		{401250EF-C102-4D1B-8683-9E69C78491C7} = {401250EF-C102-4D1B-8683-9E69C78491C7}
		{C904086B-C7D0-46D4-A9EF-29FC502F3456} = {C904086B-C7D0-46D4-A9EF-29FC502F3456}
		{C551A57B-288D-4814-91E5-933630AD1162} = {C551A57B-288D-4814-91E5-933630AD1162}
		{CA6F85A0-E92B-4DB8-B1B5-4C9CB95F16D2} = {CA6F85A0-E92B-4DB8-B1B5-4C9CB95F16D2}
		{2875E08B-44E0-4300-BA8F-5B05AD929D4E} = {2875E08B-44E0-4300-BA8F-5B05AD929D4E}
	EndProjectSection
EndProject
Project("{8BC9CEB8-8B4A-11D0-8D11-00A0C91BC942}") = "AppFeatherstoneMultiBodyDemo", "Demos\FeatherstoneMultiBodyDemo\AppFeatherstoneMultiBodyDemo.vcxproj", "{EBD62C1C-314E-4D99-A868-726B8C6E22B2}"
	ProjectSection(ProjectDependencies) = postProject
		{401250EF-C102-4D1B-8683-9E69C78491C7} = {401250EF-C102-4D1B-8683-9E69C78491C7}
		{C904086B-C7D0-46D4-A9EF-29FC502F3456} = {C904086B-C7D0-46D4-A9EF-29FC502F3456}
		{C551A57B-288D-4814-91E5-933630AD1162} = {C551A57B-288D-4814-91E5-933630AD1162}
		{CA6F85A0-E92B-4DB8-B1B5-4C9CB95F16D2} = {CA6F85A0-E92B-4DB8-B1B5-4C9CB95F16D2}
		{2875E08B-44E0-4300-BA8F-5B05AD929D4E} = {2875E08B-44E0-4300-BA8F-5B05AD929D4E}
	EndProjectSection
EndProject
Project("{8BC9CEB8-8B4A-11D0-8D11-00A0C91BC942}") = "AppForkLiftDemo", "Demos\ForkLiftDemo\AppForkLiftDemo.vcxproj", "{D953B49A-BDC3-45B7-9D2F-9EC64037BC99}"
	ProjectSection(ProjectDependencies) = postProject
		{401250EF-C102-4D1B-8683-9E69C78491C7} = {401250EF-C102-4D1B-8683-9E69C78491C7}
		{C904086B-C7D0-46D4-A9EF-29FC502F3456} = {C904086B-C7D0-46D4-A9EF-29FC502F3456}
		{C551A57B-288D-4814-91E5-933630AD1162} = {C551A57B-288D-4814-91E5-933630AD1162}
		{CA6F85A0-E92B-4DB8-B1B5-4C9CB95F16D2} = {CA6F85A0-E92B-4DB8-B1B5-4C9CB95F16D2}
		{2875E08B-44E0-4300-BA8F-5B05AD929D4E} = {2875E08B-44E0-4300-BA8F-5B05AD929D4E}
	EndProjectSection
EndProject
Project("{8BC9CEB8-8B4A-11D0-8D11-00A0C91BC942}") = "AppFractureDemo", "Demos\FractureDemo\AppFractureDemo.vcxproj", "{CD60AA66-3AEE-4BE3-8A83-F65ED081634E}"
	ProjectSection(ProjectDependencies) = postProject
		{401250EF-C102-4D1B-8683-9E69C78491C7} = {401250EF-C102-4D1B-8683-9E69C78491C7}
		{C904086B-C7D0-46D4-A9EF-29FC502F3456} = {C904086B-C7D0-46D4-A9EF-29FC502F3456}
		{C551A57B-288D-4814-91E5-933630AD1162} = {C551A57B-288D-4814-91E5-933630AD1162}
		{CA6F85A0-E92B-4DB8-B1B5-4C9CB95F16D2} = {CA6F85A0-E92B-4DB8-B1B5-4C9CB95F16D2}
		{2875E08B-44E0-4300-BA8F-5B05AD929D4E} = {2875E08B-44E0-4300-BA8F-5B05AD929D4E}
	EndProjectSection
EndProject
Project("{8BC9CEB8-8B4A-11D0-8D11-00A0C91BC942}") = "AppGenericJointDemo", "Demos\GenericJointDemo\AppGenericJointDemo.vcxproj", "{92D67050-6A8A-408B-86F4-BBFB32B9DFD0}"
	ProjectSection(ProjectDependencies) = postProject
		{401250EF-C102-4D1B-8683-9E69C78491C7} = {401250EF-C102-4D1B-8683-9E69C78491C7}
		{C904086B-C7D0-46D4-A9EF-29FC502F3456} = {C904086B-C7D0-46D4-A9EF-29FC502F3456}
		{C551A57B-288D-4814-91E5-933630AD1162} = {C551A57B-288D-4814-91E5-933630AD1162}
		{CA6F85A0-E92B-4DB8-B1B5-4C9CB95F16D2} = {CA6F85A0-E92B-4DB8-B1B5-4C9CB95F16D2}
		{2875E08B-44E0-4300-BA8F-5B05AD929D4E} = {2875E08B-44E0-4300-BA8F-5B05AD929D4E}
	EndProjectSection
EndProject
Project("{8BC9CEB8-8B4A-11D0-8D11-00A0C91BC942}") = "AppGyroscopicDemo", "Demos\GyroscopicDemo\AppGyroscopicDemo.vcxproj", "{2F2E8B34-70C5-4AB1-92B9-5E0EF4F4EF4C}"
	ProjectSection(ProjectDependencies) = postProject
		{401250EF-C102-4D1B-8683-9E69C78491C7} = {401250EF-C102-4D1B-8683-9E69C78491C7}
		{C904086B-C7D0-46D4-A9EF-29FC502F3456} = {C904086B-C7D0-46D4-A9EF-29FC502F3456}
		{FD7E4553-4806-406C-94E9-2DEFB62CC521} = {FD7E4553-4806-406C-94E9-2DEFB62CC521}
		{070C1C2A-3F26-4D6E-9FEC-1E840FBF5B73} = {070C1C2A-3F26-4D6E-9FEC-1E840FBF5B73}
		{C551A57B-288D-4814-91E5-933630AD1162} = {C551A57B-288D-4814-91E5-933630AD1162}
		{CA6F85A0-E92B-4DB8-B1B5-4C9CB95F16D2} = {CA6F85A0-E92B-4DB8-B1B5-4C9CB95F16D2}
		{2875E08B-44E0-4300-BA8F-5B05AD929D4E} = {2875E08B-44E0-4300-BA8F-5B05AD929D4E}
	EndProjectSection
EndProject
Project("{8BC9CEB8-8B4A-11D0-8D11-00A0C91BC942}") = "AppHelloWorld", "Demos\HelloWorld\AppHelloWorld.vcxproj", "{4A59D987-3FE3-409C-9E84-152293EA4AE4}"
	ProjectSection(ProjectDependencies) = postProject
		{401250EF-C102-4D1B-8683-9E69C78491C7} = {401250EF-C102-4D1B-8683-9E69C78491C7}
		{C904086B-C7D0-46D4-A9EF-29FC502F3456} = {C904086B-C7D0-46D4-A9EF-29FC502F3456}
		{C551A57B-288D-4814-91E5-933630AD1162} = {C551A57B-288D-4814-91E5-933630AD1162}
		{2875E08B-44E0-4300-BA8F-5B05AD929D4E} = {2875E08B-44E0-4300-BA8F-5B05AD929D4E}
	EndProjectSection
EndProject
Project("{8BC9CEB8-8B4A-11D0-8D11-00A0C91BC942}") = "AppInternalEdgeDemo", "Demos\InternalEdgeDemo\AppInternalEdgeDemo.vcxproj", "{FD75C491-6F15-4B93-86FD-E0B5E909150A}"
	ProjectSection(ProjectDependencies) = postProject
		{401250EF-C102-4D1B-8683-9E69C78491C7} = {401250EF-C102-4D1B-8683-9E69C78491C7}
		{C904086B-C7D0-46D4-A9EF-29FC502F3456} = {C904086B-C7D0-46D4-A9EF-29FC502F3456}
		{C551A57B-288D-4814-91E5-933630AD1162} = {C551A57B-288D-4814-91E5-933630AD1162}
		{CA6F85A0-E92B-4DB8-B1B5-4C9CB95F16D2} = {CA6F85A0-E92B-4DB8-B1B5-4C9CB95F16D2}
		{2875E08B-44E0-4300-BA8F-5B05AD929D4E} = {2875E08B-44E0-4300-BA8F-5B05AD929D4E}
	EndProjectSection
EndProject
Project("{8BC9CEB8-8B4A-11D0-8D11-00A0C91BC942}") = "AppLinearConvexCastDemo", "Demos\GjkConvexCastDemo\AppLinearConvexCastDemo.vcxproj", "{DEC2FF0F-9882-4753-ACDA-997240FF6359}"
	ProjectSection(ProjectDependencies) = postProject
		{401250EF-C102-4D1B-8683-9E69C78491C7} = {401250EF-C102-4D1B-8683-9E69C78491C7}
		{C904086B-C7D0-46D4-A9EF-29FC502F3456} = {C904086B-C7D0-46D4-A9EF-29FC502F3456}
		{C551A57B-288D-4814-91E5-933630AD1162} = {C551A57B-288D-4814-91E5-933630AD1162}
		{CA6F85A0-E92B-4DB8-B1B5-4C9CB95F16D2} = {CA6F85A0-E92B-4DB8-B1B5-4C9CB95F16D2}
		{2875E08B-44E0-4300-BA8F-5B05AD929D4E} = {2875E08B-44E0-4300-BA8F-5B05AD929D4E}
	EndProjectSection
EndProject
Project("{8BC9CEB8-8B4A-11D0-8D11-00A0C91BC942}") = "AppMotorDemo", "Demos\DynamicControlDemo\AppMotorDemo.vcxproj", "{D8DAAA37-17B8-4C7B-93CA-3C04DBEBB494}"
	ProjectSection(ProjectDependencies) = postProject
		{401250EF-C102-4D1B-8683-9E69C78491C7} = {401250EF-C102-4D1B-8683-9E69C78491C7}
		{C904086B-C7D0-46D4-A9EF-29FC502F3456} = {C904086B-C7D0-46D4-A9EF-29FC502F3456}
		{C551A57B-288D-4814-91E5-933630AD1162} = {C551A57B-288D-4814-91E5-933630AD1162}
		{CA6F85A0-E92B-4DB8-B1B5-4C9CB95F16D2} = {CA6F85A0-E92B-4DB8-B1B5-4C9CB95F16D2}
		{2875E08B-44E0-4300-BA8F-5B05AD929D4E} = {2875E08B-44E0-4300-BA8F-5B05AD929D4E}
	EndProjectSection
EndProject
Project("{8BC9CEB8-8B4A-11D0-8D11-00A0C91BC942}") = "AppMovingConcaveDemo", "Demos\MovingConcaveDemo\AppMovingConcaveDemo.vcxproj", "{4F5F2B9F-A22E-4B91-80D0-354FBC7325FE}"
	ProjectSection(ProjectDependencies) = postProject
		{401250EF-C102-4D1B-8683-9E69C78491C7} = {401250EF-C102-4D1B-8683-9E69C78491C7}
		{C904086B-C7D0-46D4-A9EF-29FC502F3456} = {C904086B-C7D0-46D4-A9EF-29FC502F3456}
		{C551A57B-288D-4814-91E5-933630AD1162} = {C551A57B-288D-4814-91E5-933630AD1162}
		{CA6F85A0-E92B-4DB8-B1B5-4C9CB95F16D2} = {CA6F85A0-E92B-4DB8-B1B5-4C9CB95F16D2}
		{2875E08B-44E0-4300-BA8F-5B05AD929D4E} = {2875E08B-44E0-4300-BA8F-5B05AD929D4E}
	EndProjectSection
EndProject
Project("{8BC9CEB8-8B4A-11D0-8D11-00A0C91BC942}") = "AppMultiMaterialDemo", "Demos\MultiMaterialDemo\AppMultiMaterialDemo.vcxproj", "{7B402642-46B2-4020-B19C-E9A440CF241A}"
	ProjectSection(ProjectDependencies) = postProject
		{401250EF-C102-4D1B-8683-9E69C78491C7} = {401250EF-C102-4D1B-8683-9E69C78491C7}
		{C904086B-C7D0-46D4-A9EF-29FC502F3456} = {C904086B-C7D0-46D4-A9EF-29FC502F3456}
		{C551A57B-288D-4814-91E5-933630AD1162} = {C551A57B-288D-4814-91E5-933630AD1162}
		{CA6F85A0-E92B-4DB8-B1B5-4C9CB95F16D2} = {CA6F85A0-E92B-4DB8-B1B5-4C9CB95F16D2}
		{2875E08B-44E0-4300-BA8F-5B05AD929D4E} = {2875E08B-44E0-4300-BA8F-5B05AD929D4E}
	EndProjectSection
EndProject
Project("{8BC9CEB8-8B4A-11D0-8D11-00A0C91BC942}") = "AppMultiThreadedDemo", "Demos\MultiThreadedDemo\AppMultiThreadedDemo.vcxproj", "{8521A529-D57E-4081-A45F-6A7A0FA7C190}"
	ProjectSection(ProjectDependencies) = postProject
		{401250EF-C102-4D1B-8683-9E69C78491C7} = {401250EF-C102-4D1B-8683-9E69C78491C7}
		{C904086B-C7D0-46D4-A9EF-29FC502F3456} = {C904086B-C7D0-46D4-A9EF-29FC502F3456}
		{226FA699-CFA1-4D15-9109-4EF791F7C9D8} = {226FA699-CFA1-4D15-9109-4EF791F7C9D8}
		{C551A57B-288D-4814-91E5-933630AD1162} = {C551A57B-288D-4814-91E5-933630AD1162}
		{CA6F85A0-E92B-4DB8-B1B5-4C9CB95F16D2} = {CA6F85A0-E92B-4DB8-B1B5-4C9CB95F16D2}
		{2875E08B-44E0-4300-BA8F-5B05AD929D4E} = {2875E08B-44E0-4300-BA8F-5B05AD929D4E}
	EndProjectSection
EndProject
Project("{8BC9CEB8-8B4A-11D0-8D11-00A0C91BC942}") = "AppOpenCLClothDemo_Mini", "Demos\OpenCLClothDemo\MiniCL\AppOpenCLClothDemo_Mini.vcxproj", "{4840B2E0-9C7A-4B08-A32C-E7ED672F5027}"
	ProjectSection(ProjectDependencies) = postProject
		{401250EF-C102-4D1B-8683-9E69C78491C7} = {401250EF-C102-4D1B-8683-9E69C78491C7}
		{C904086B-C7D0-46D4-A9EF-29FC502F3456} = {C904086B-C7D0-46D4-A9EF-29FC502F3456}
		{226FA699-CFA1-4D15-9109-4EF791F7C9D8} = {226FA699-CFA1-4D15-9109-4EF791F7C9D8}
		{C395F55B-BA77-4924-BEE9-D09DD82B5061} = {C395F55B-BA77-4924-BEE9-D09DD82B5061}
		{91437A84-D4E2-4524-889B-8778BAEC7527} = {91437A84-D4E2-4524-889B-8778BAEC7527}
		{C551A57B-288D-4814-91E5-933630AD1162} = {C551A57B-288D-4814-91E5-933630AD1162}
		{39FD114A-2A30-4260-8FD9-D3A75304134B} = {39FD114A-2A30-4260-8FD9-D3A75304134B}
		{CA6F85A0-E92B-4DB8-B1B5-4C9CB95F16D2} = {CA6F85A0-E92B-4DB8-B1B5-4C9CB95F16D2}
		{2875E08B-44E0-4300-BA8F-5B05AD929D4E} = {2875E08B-44E0-4300-BA8F-5B05AD929D4E}
	EndProjectSection
EndProject
Project("{8BC9CEB8-8B4A-11D0-8D11-00A0C91BC942}") = "AppRagdollDemo", "Demos\RagdollDemo\AppRagdollDemo.vcxproj", "{409CFBCA-4236-4560-88F0-B26A44F82E46}"
	ProjectSection(ProjectDependencies) = postProject
		{401250EF-C102-4D1B-8683-9E69C78491C7} = {401250EF-C102-4D1B-8683-9E69C78491C7}
		{C904086B-C7D0-46D4-A9EF-29FC502F3456} = {C904086B-C7D0-46D4-A9EF-29FC502F3456}
		{C551A57B-288D-4814-91E5-933630AD1162} = {C551A57B-288D-4814-91E5-933630AD1162}
		{CA6F85A0-E92B-4DB8-B1B5-4C9CB95F16D2} = {CA6F85A0-E92B-4DB8-B1B5-4C9CB95F16D2}
		{2875E08B-44E0-4300-BA8F-5B05AD929D4E} = {2875E08B-44E0-4300-BA8F-5B05AD929D4E}
	EndProjectSection
EndProject
Project("{8BC9CEB8-8B4A-11D0-8D11-00A0C91BC942}") = "AppRaytestDemo", "Demos\RaytestDemo\AppRaytestDemo.vcxproj", "{E4ACCF42-90DA-43A2-8DEF-5835A18B1E80}"
	ProjectSection(ProjectDependencies) = postProject
		{401250EF-C102-4D1B-8683-9E69C78491C7} = {401250EF-C102-4D1B-8683-9E69C78491C7}
		{C904086B-C7D0-46D4-A9EF-29FC502F3456} = {C904086B-C7D0-46D4-A9EF-29FC502F3456}
		{C551A57B-288D-4814-91E5-933630AD1162} = {C551A57B-288D-4814-91E5-933630AD1162}
		{CA6F85A0-E92B-4DB8-B1B5-4C9CB95F16D2} = {CA6F85A0-E92B-4DB8-B1B5-4C9CB95F16D2}
		{2875E08B-44E0-4300-BA8F-5B05AD929D4E} = {2875E08B-44E0-4300-BA8F-5B05AD929D4E}
	EndProjectSection
EndProject
Project("{8BC9CEB8-8B4A-11D0-8D11-00A0C91BC942}") = "AppRaytracer", "Demos\Raytracer\AppRaytracer.vcxproj", "{10BB8DC4-B3D5-4E2A-A83E-5CCF9A2E4FCA}"
	ProjectSection(ProjectDependencies) = postProject
		{401250EF-C102-4D1B-8683-9E69C78491C7} = {401250EF-C102-4D1B-8683-9E69C78491C7}
		{C904086B-C7D0-46D4-A9EF-29FC502F3456} = {C904086B-C7D0-46D4-A9EF-29FC502F3456}
		{C551A57B-288D-4814-91E5-933630AD1162} = {C551A57B-288D-4814-91E5-933630AD1162}
		{CA6F85A0-E92B-4DB8-B1B5-4C9CB95F16D2} = {CA6F85A0-E92B-4DB8-B1B5-4C9CB95F16D2}
		{2875E08B-44E0-4300-BA8F-5B05AD929D4E} = {2875E08B-44E0-4300-BA8F-5B05AD929D4E}
	EndProjectSection
EndProject
Project("{8BC9CEB8-8B4A-11D0-8D11-00A0C91BC942}") = "AppRollingFrictionDemo", "Demos\RollingFrictionDemo\AppRollingFrictionDemo.vcxproj", "{CA2D57A3-4B07-4A61-BD5B-0C5D49958C13}"
	ProjectSection(ProjectDependencies) = postProject
		{401250EF-C102-4D1B-8683-9E69C78491C7} = {401250EF-C102-4D1B-8683-9E69C78491C7}
		{C904086B-C7D0-46D4-A9EF-29FC502F3456} = {C904086B-C7D0-46D4-A9EF-29FC502F3456}
		{C551A57B-288D-4814-91E5-933630AD1162} = {C551A57B-288D-4814-91E5-933630AD1162}
		{CA6F85A0-E92B-4DB8-B1B5-4C9CB95F16D2} = {CA6F85A0-E92B-4DB8-B1B5-4C9CB95F16D2}
		{2875E08B-44E0-4300-BA8F-5B05AD929D4E} = {2875E08B-44E0-4300-BA8F-5B05AD929D4E}
	EndProjectSection
EndProject
Project("{8BC9CEB8-8B4A-11D0-8D11-00A0C91BC942}") = "AppSerializeDemo", "Demos\SerializeDemo\AppSerializeDemo.vcxproj", "{94BAD0ED-84B6-46D5-B5B3-257E53B29C69}"
	ProjectSection(ProjectDependencies) = postProject
		{401250EF-C102-4D1B-8683-9E69C78491C7} = {401250EF-C102-4D1B-8683-9E69C78491C7}
		{C904086B-C7D0-46D4-A9EF-29FC502F3456} = {C904086B-C7D0-46D4-A9EF-29FC502F3456}
		{FD7E4553-4806-406C-94E9-2DEFB62CC521} = {FD7E4553-4806-406C-94E9-2DEFB62CC521}
		{C395F55B-BA77-4924-BEE9-D09DD82B5061} = {C395F55B-BA77-4924-BEE9-D09DD82B5061}
		{070C1C2A-3F26-4D6E-9FEC-1E840FBF5B73} = {070C1C2A-3F26-4D6E-9FEC-1E840FBF5B73}
		{C551A57B-288D-4814-91E5-933630AD1162} = {C551A57B-288D-4814-91E5-933630AD1162}
		{CA6F85A0-E92B-4DB8-B1B5-4C9CB95F16D2} = {CA6F85A0-E92B-4DB8-B1B5-4C9CB95F16D2}
		{2875E08B-44E0-4300-BA8F-5B05AD929D4E} = {2875E08B-44E0-4300-BA8F-5B05AD929D4E}
	EndProjectSection
EndProject
Project("{8BC9CEB8-8B4A-11D0-8D11-00A0C91BC942}") = "AppSimplexDemo", "Demos\SimplexDemo\AppSimplexDemo.vcxproj", "{1CF9B32B-2F57-4676-8D48-B45E5979E22B}"
	ProjectSection(ProjectDependencies) = postProject
		{401250EF-C102-4D1B-8683-9E69C78491C7} = {401250EF-C102-4D1B-8683-9E69C78491C7}
		{C904086B-C7D0-46D4-A9EF-29FC502F3456} = {C904086B-C7D0-46D4-A9EF-29FC502F3456}
		{C551A57B-288D-4814-91E5-933630AD1162} = {C551A57B-288D-4814-91E5-933630AD1162}
		{CA6F85A0-E92B-4DB8-B1B5-4C9CB95F16D2} = {CA6F85A0-E92B-4DB8-B1B5-4C9CB95F16D2}
		{2875E08B-44E0-4300-BA8F-5B05AD929D4E} = {2875E08B-44E0-4300-BA8F-5B05AD929D4E}
	EndProjectSection
EndProject
Project("{8BC9CEB8-8B4A-11D0-8D11-00A0C91BC942}") = "AppSliderConstraintDemo", "Demos\SliderConstraintDemo\AppSliderConstraintDemo.vcxproj", "{145C3233-DE22-44CC-A6F4-2B322EB3C6EC}"
	ProjectSection(ProjectDependencies) = postProject
		{401250EF-C102-4D1B-8683-9E69C78491C7} = {401250EF-C102-4D1B-8683-9E69C78491C7}
		{C904086B-C7D0-46D4-A9EF-29FC502F3456} = {C904086B-C7D0-46D4-A9EF-29FC502F3456}
		{C551A57B-288D-4814-91E5-933630AD1162} = {C551A57B-288D-4814-91E5-933630AD1162}
		{CA6F85A0-E92B-4DB8-B1B5-4C9CB95F16D2} = {CA6F85A0-E92B-4DB8-B1B5-4C9CB95F16D2}
		{2875E08B-44E0-4300-BA8F-5B05AD929D4E} = {2875E08B-44E0-4300-BA8F-5B05AD929D4E}
	EndProjectSection
EndProject
Project("{8BC9CEB8-8B4A-11D0-8D11-00A0C91BC942}") = "AppSoftBodyDemo", "Demos\SoftDemo\AppSoftBodyDemo.vcxproj", "{C0DAAD70-2E3E-4BE9-A324-BE34DB62687F}"
	ProjectSection(ProjectDependencies) = postProject
		{401250EF-C102-4D1B-8683-9E69C78491C7} = {401250EF-C102-4D1B-8683-9E69C78491C7}
		{C904086B-C7D0-46D4-A9EF-29FC502F3456} = {C904086B-C7D0-46D4-A9EF-29FC502F3456}
		{C395F55B-BA77-4924-BEE9-D09DD82B5061} = {C395F55B-BA77-4924-BEE9-D09DD82B5061}
		{C551A57B-288D-4814-91E5-933630AD1162} = {C551A57B-288D-4814-91E5-933630AD1162}
		{CA6F85A0-E92B-4DB8-B1B5-4C9CB95F16D2} = {CA6F85A0-E92B-4DB8-B1B5-4C9CB95F16D2}
		{2875E08B-44E0-4300-BA8F-5B05AD929D4E} = {2875E08B-44E0-4300-BA8F-5B05AD929D4E}
	EndProjectSection
EndProject
Project("{8BC9CEB8-8B4A-11D0-8D11-00A0C91BC942}") = "AppThreadingDemo", "Demos\ThreadingDemo\AppThreadingDemo.vcxproj", "{F009B1BA-E006-4025-AD0A-ED796047CE71}"
	ProjectSection(ProjectDependencies) = postProject
		{401250EF-C102-4D1B-8683-9E69C78491C7} = {401250EF-C102-4D1B-8683-9E69C78491C7}
		{C904086B-C7D0-46D4-A9EF-29FC502F3456} = {C904086B-C7D0-46D4-A9EF-29FC502F3456}
		{226FA699-CFA1-4D15-9109-4EF791F7C9D8} = {226FA699-CFA1-4D15-9109-4EF791F7C9D8}
		{C551A57B-288D-4814-91E5-933630AD1162} = {C551A57B-288D-4814-91E5-933630AD1162}
		{2875E08B-44E0-4300-BA8F-5B05AD929D4E} = {2875E08B-44E0-4300-BA8F-5B05AD929D4E}
	EndProjectSection
EndProject
Project("{8BC9CEB8-8B4A-11D0-8D11-00A0C91BC942}") = "AppUserCollisionAlgorithm", "Demos\UserCollisionAlgorithm\AppUserCollisionAlgorithm.vcxproj", "{541BD22F-D878-4F84-8D2C-0B1369A8493E}"
	ProjectSection(ProjectDependencies) = postProject
		{401250EF-C102-4D1B-8683-9E69C78491C7} = {401250EF-C102-4D1B-8683-9E69C78491C7}
		{C904086B-C7D0-46D4-A9EF-29FC502F3456} = {C904086B-C7D0-46D4-A9EF-29FC502F3456}
		{C551A57B-288D-4814-91E5-933630AD1162} = {C551A57B-288D-4814-91E5-933630AD1162}
		{CA6F85A0-E92B-4DB8-B1B5-4C9CB95F16D2} = {CA6F85A0-E92B-4DB8-B1B5-4C9CB95F16D2}
		{2875E08B-44E0-4300-BA8F-5B05AD929D4E} = {2875E08B-44E0-4300-BA8F-5B05AD929D4E}
	EndProjectSection
EndProject
Project("{8BC9CEB8-8B4A-11D0-8D11-00A0C91BC942}") = "AppVectorAdd_Mini", "Demos\VectorAdd_OpenCL\MiniCL\AppVectorAdd_Mini.vcxproj", "{46C6FC57-88EA-480D-8F94-9C4A9CFA6277}"
	ProjectSection(ProjectDependencies) = postProject
		{226FA699-CFA1-4D15-9109-4EF791F7C9D8} = {226FA699-CFA1-4D15-9109-4EF791F7C9D8}
		{C551A57B-288D-4814-91E5-933630AD1162} = {C551A57B-288D-4814-91E5-933630AD1162}
		{39FD114A-2A30-4260-8FD9-D3A75304134B} = {39FD114A-2A30-4260-8FD9-D3A75304134B}
		{2875E08B-44E0-4300-BA8F-5B05AD929D4E} = {2875E08B-44E0-4300-BA8F-5B05AD929D4E}
	EndProjectSection
EndProject
Project("{8BC9CEB8-8B4A-11D0-8D11-00A0C91BC942}") = "AppVehicleDemo", "Demos\VehicleDemo\AppVehicleDemo.vcxproj", "{25C1520C-EB66-49D7-AC9B-7C842294AD21}"
	ProjectSection(ProjectDependencies) = postProject
		{401250EF-C102-4D1B-8683-9E69C78491C7} = {401250EF-C102-4D1B-8683-9E69C78491C7}
		{C904086B-C7D0-46D4-A9EF-29FC502F3456} = {C904086B-C7D0-46D4-A9EF-29FC502F3456}
		{C551A57B-288D-4814-91E5-933630AD1162} = {C551A57B-288D-4814-91E5-933630AD1162}
		{CA6F85A0-E92B-4DB8-B1B5-4C9CB95F16D2} = {CA6F85A0-E92B-4DB8-B1B5-4C9CB95F16D2}
		{2875E08B-44E0-4300-BA8F-5B05AD929D4E} = {2875E08B-44E0-4300-BA8F-5B05AD929D4E}
	EndProjectSection
EndProject
Project("{8BC9CEB8-8B4A-11D0-8D11-00A0C91BC942}") = "AppVoronoiFractureDemo", "Demos\VoronoiFractureDemo\AppVoronoiFractureDemo.vcxproj", "{C8C779CC-BF2F-474C-A8BE-CE0941AD5020}"
	ProjectSection(ProjectDependencies) = postProject
		{401250EF-C102-4D1B-8683-9E69C78491C7} = {401250EF-C102-4D1B-8683-9E69C78491C7}
		{C904086B-C7D0-46D4-A9EF-29FC502F3456} = {C904086B-C7D0-46D4-A9EF-29FC502F3456}
		{C551A57B-288D-4814-91E5-933630AD1162} = {C551A57B-288D-4814-91E5-933630AD1162}
		{CA6F85A0-E92B-4DB8-B1B5-4C9CB95F16D2} = {CA6F85A0-E92B-4DB8-B1B5-4C9CB95F16D2}
		{2875E08B-44E0-4300-BA8F-5B05AD929D4E} = {2875E08B-44E0-4300-BA8F-5B05AD929D4E}
	EndProjectSection
EndProject
Project("{8BC9CEB8-8B4A-11D0-8D11-00A0C91BC942}") = "BulletCollision", "src\BulletCollision\BulletCollision.vcxproj", "{401250EF-C102-4D1B-8683-9E69C78491C7}"
	ProjectSection(ProjectDependencies) = postProject
		{2875E08B-44E0-4300-BA8F-5B05AD929D4E} = {2875E08B-44E0-4300-BA8F-5B05AD929D4E}
	EndProjectSection
EndProject
Project("{8BC9CEB8-8B4A-11D0-8D11-00A0C91BC942}") = "BulletDynamics", "src\BulletDynamics\BulletDynamics.vcxproj", "{C904086B-C7D0-46D4-A9EF-29FC502F3456}"
	ProjectSection(ProjectDependencies) = postProject
		{2875E08B-44E0-4300-BA8F-5B05AD929D4E} = {2875E08B-44E0-4300-BA8F-5B05AD929D4E}
	EndProjectSection
EndProject
Project("{8BC9CEB8-8B4A-11D0-8D11-00A0C91BC942}") = "BulletFileLoader", "Extras\Serialize\BulletFileLoader\BulletFileLoader.vcxproj", "{FD7E4553-4806-406C-94E9-2DEFB62CC521}"
	ProjectSection(ProjectDependencies) = postProject
		{2875E08B-44E0-4300-BA8F-5B05AD929D4E} = {2875E08B-44E0-4300-BA8F-5B05AD929D4E}
	EndProjectSection
EndProject
Project("{8BC9CEB8-8B4A-11D0-8D11-00A0C91BC942}") = "BulletMultiThreaded", "src\BulletMultiThreaded\BulletMultiThreaded.vcxproj", "{226FA699-CFA1-4D15-9109-4EF791F7C9D8}"
	ProjectSection(ProjectDependencies) = postProject
		{2875E08B-44E0-4300-BA8F-5B05AD929D4E} = {2875E08B-44E0-4300-BA8F-5B05AD929D4E}
	EndProjectSection
EndProject
Project("{8BC9CEB8-8B4A-11D0-8D11-00A0C91BC942}") = "BulletSoftBody", "src\BulletSoftBody\BulletSoftBody.vcxproj", "{C395F55B-BA77-4924-BEE9-D09DD82B5061}"
	ProjectSection(ProjectDependencies) = postProject
		{2875E08B-44E0-4300-BA8F-5B05AD929D4E} = {2875E08B-44E0-4300-BA8F-5B05AD929D4E}
	EndProjectSection
EndProject
Project("{8BC9CEB8-8B4A-11D0-8D11-00A0C91BC942}") = "BulletSoftBodySolvers_OpenCL_Mini", "src\BulletMultiThreaded\GpuSoftBodySolvers\OpenCL\MiniCL\BulletSoftBodySolvers_OpenCL_Mini.vcxproj", "{91437A84-D4E2-4524-889B-8778BAEC7527}"
	ProjectSection(ProjectDependencies) = postProject
		{2875E08B-44E0-4300-BA8F-5B05AD929D4E} = {2875E08B-44E0-4300-BA8F-5B05AD929D4E}
	EndProjectSection
EndProject
Project("{8BC9CEB8-8B4A-11D0-8D11-00A0C91BC942}") = "BulletWorldImporter", "Extras\Serialize\BulletWorldImporter\BulletWorldImporter.vcxproj", "{070C1C2A-3F26-4D6E-9FEC-1E840FBF5B73}"
	ProjectSection(ProjectDependencies) = postProject
		{2875E08B-44E0-4300-BA8F-5B05AD929D4E} = {2875E08B-44E0-4300-BA8F-5B05AD929D4E}
	EndProjectSection
EndProject
Project("{8BC9CEB8-8B4A-11D0-8D11-00A0C91BC942}") = "BulletXmlWorldImporter", "Extras\Serialize\BulletXmlWorldImporter\BulletXmlWorldImporter.vcxproj", "{D7733FBF-B1AB-42F9-B54E-E1114B1A2652}"
	ProjectSection(ProjectDependencies) = postProject
		{2875E08B-44E0-4300-BA8F-5B05AD929D4E} = {2875E08B-44E0-4300-BA8F-5B05AD929D4E}
	EndProjectSection
EndProject
Project("{8BC9CEB8-8B4A-11D0-8D11-00A0C91BC942}") = "ConvexDecomposition", "Extras\ConvexDecomposition\ConvexDecomposition.vcxproj", "{59AB3966-C84D-406E-8DBF-F5A24A5A997C}"
	ProjectSection(ProjectDependencies) = postProject
		{2875E08B-44E0-4300-BA8F-5B05AD929D4E} = {2875E08B-44E0-4300-BA8F-5B05AD929D4E}
	EndProjectSection
EndProject
Project("{8BC9CEB8-8B4A-11D0-8D11-00A0C91BC942}") = "GIMPACTUtils", "Extras\GIMPACTUtils\GIMPACTUtils.vcxproj", "{83624933-D896-4210-9F3B-4EA3B91CCB12}"
	ProjectSection(ProjectDependencies) = postProject
		{2875E08B-44E0-4300-BA8F-5B05AD929D4E} = {2875E08B-44E0-4300-BA8F-5B05AD929D4E}
	EndProjectSection
EndProject
Project("{8BC9CEB8-8B4A-11D0-8D11-00A0C91BC942}") = "GLUI", "Extras\glui\GLUI.vcxproj", "{66C75B45-3C68-4601-8AEC-1C26D0672484}"
	ProjectSection(ProjectDependencies) = postProject
		{2875E08B-44E0-4300-BA8F-5B05AD929D4E} = {2875E08B-44E0-4300-BA8F-5B05AD929D4E}
	EndProjectSection
EndProject
Project("{8BC9CEB8-8B4A-11D0-8D11-00A0C91BC942}") = "HACD", "Extras\HACD\HACD.vcxproj", "{150E653D-E9A9-4A1D-9629-99F6FCE31A38}"
	ProjectSection(ProjectDependencies) = postProject
		{2875E08B-44E0-4300-BA8F-5B05AD929D4E} = {2875E08B-44E0-4300-BA8F-5B05AD929D4E}
	EndProjectSection
EndProject
Project("{8BC9CEB8-8B4A-11D0-8D11-00A0C91BC942}") = "INSTALL", "INSTALL.vcxproj", "{7D4C1C30-4F98-40D3-9E08-072BEA284E5F}"
	ProjectSection(ProjectDependencies) = postProject
		{B9D1C577-6DB1-413E-9A3C-DA6AA5487827} = {B9D1C577-6DB1-413E-9A3C-DA6AA5487827}
	EndProjectSection
EndProject
Project("{8BC9CEB8-8B4A-11D0-8D11-00A0C91BC942}") = "LinearMath", "src\LinearMath\LinearMath.vcxproj", "{C551A57B-288D-4814-91E5-933630AD1162}"
	ProjectSection(ProjectDependencies) = postProject
		{2875E08B-44E0-4300-BA8F-5B05AD929D4E} = {2875E08B-44E0-4300-BA8F-5B05AD929D4E}
	EndProjectSection
EndProject
Project("{8BC9CEB8-8B4A-11D0-8D11-00A0C91BC942}") = "MiniCL", "src\MiniCL\MiniCL.vcxproj", "{39FD114A-2A30-4260-8FD9-D3A75304134B}"
	ProjectSection(ProjectDependencies) = postProject
		{2875E08B-44E0-4300-BA8F-5B05AD929D4E} = {2875E08B-44E0-4300-BA8F-5B05AD929D4E}
	EndProjectSection
EndProject
Project("{8BC9CEB8-8B4A-11D0-8D11-00A0C91BC942}") = "OpenGLSupport", "Demos\OpenGL\OpenGLSupport.vcxproj", "{CA6F85A0-E92B-4DB8-B1B5-4C9CB95F16D2}"
	ProjectSection(ProjectDependencies) = postProject
		{2875E08B-44E0-4300-BA8F-5B05AD929D4E} = {2875E08B-44E0-4300-BA8F-5B05AD929D4E}
	EndProjectSection
EndProject
Project("{8BC9CEB8-8B4A-11D0-8D11-00A0C91BC942}") = "ZERO_CHECK", "ZERO_CHECK.vcxproj", "{2875E08B-44E0-4300-BA8F-5B05AD929D4E}"
EndProject
Project("{8BC9CEB8-8B4A-11D0-8D11-00A0C91BC942}") = "ProjectRenderingPhysics", "..\ProjectRenderingPhysics\ProjectRenderingPhysics.vcxproj", "{6AFB2C1A-0E97-4C41-AB5F-CE9059242E45}"
EndProject
Global
	GlobalSection(SolutionConfigurationPlatforms) = preSolution
		Debug|Win32 = Debug|Win32
		MinSizeRel|Win32 = MinSizeRel|Win32
		Release|Win32 = Release|Win32
		RelWithDebInfo|Win32 = RelWithDebInfo|Win32
	EndGlobalSection
	GlobalSection(ProjectConfigurationPlatforms) = postSolution
		{B9D1C577-6DB1-413E-9A3C-DA6AA5487827}.Debug|Win32.ActiveCfg = Debug|Win32
		{B9D1C577-6DB1-413E-9A3C-DA6AA5487827}.Debug|Win32.Build.0 = Debug|Win32
		{B9D1C577-6DB1-413E-9A3C-DA6AA5487827}.MinSizeRel|Win32.ActiveCfg = MinSizeRel|Win32
		{B9D1C577-6DB1-413E-9A3C-DA6AA5487827}.MinSizeRel|Win32.Build.0 = MinSizeRel|Win32
		{B9D1C577-6DB1-413E-9A3C-DA6AA5487827}.Release|Win32.ActiveCfg = Release|Win32
		{B9D1C577-6DB1-413E-9A3C-DA6AA5487827}.Release|Win32.Build.0 = Release|Win32
		{B9D1C577-6DB1-413E-9A3C-DA6AA5487827}.RelWithDebInfo|Win32.ActiveCfg = RelWithDebInfo|Win32
		{B9D1C577-6DB1-413E-9A3C-DA6AA5487827}.RelWithDebInfo|Win32.Build.0 = RelWithDebInfo|Win32
		{D4B28F19-2CA1-4F24-8640-D3A8682D5F30}.Debug|Win32.ActiveCfg = Debug|Win32
		{D4B28F19-2CA1-4F24-8640-D3A8682D5F30}.Debug|Win32.Build.0 = Debug|Win32
		{D4B28F19-2CA1-4F24-8640-D3A8682D5F30}.MinSizeRel|Win32.ActiveCfg = MinSizeRel|Win32
		{D4B28F19-2CA1-4F24-8640-D3A8682D5F30}.MinSizeRel|Win32.Build.0 = MinSizeRel|Win32
		{D4B28F19-2CA1-4F24-8640-D3A8682D5F30}.Release|Win32.ActiveCfg = Release|Win32
		{D4B28F19-2CA1-4F24-8640-D3A8682D5F30}.Release|Win32.Build.0 = Release|Win32
		{D4B28F19-2CA1-4F24-8640-D3A8682D5F30}.RelWithDebInfo|Win32.ActiveCfg = RelWithDebInfo|Win32
		{D4B28F19-2CA1-4F24-8640-D3A8682D5F30}.RelWithDebInfo|Win32.Build.0 = RelWithDebInfo|Win32
		{4C0C0585-B837-4F74-9C9F-AB42B64734A2}.Debug|Win32.ActiveCfg = Debug|Win32
		{4C0C0585-B837-4F74-9C9F-AB42B64734A2}.Debug|Win32.Build.0 = Debug|Win32
		{4C0C0585-B837-4F74-9C9F-AB42B64734A2}.MinSizeRel|Win32.ActiveCfg = MinSizeRel|Win32
		{4C0C0585-B837-4F74-9C9F-AB42B64734A2}.MinSizeRel|Win32.Build.0 = MinSizeRel|Win32
		{4C0C0585-B837-4F74-9C9F-AB42B64734A2}.Release|Win32.ActiveCfg = Release|Win32
		{4C0C0585-B837-4F74-9C9F-AB42B64734A2}.Release|Win32.Build.0 = Release|Win32
		{4C0C0585-B837-4F74-9C9F-AB42B64734A2}.RelWithDebInfo|Win32.ActiveCfg = RelWithDebInfo|Win32
		{4C0C0585-B837-4F74-9C9F-AB42B64734A2}.RelWithDebInfo|Win32.Build.0 = RelWithDebInfo|Win32
		{B320E440-6F01-4310-8298-A7F51DA16112}.Debug|Win32.ActiveCfg = Debug|Win32
		{B320E440-6F01-4310-8298-A7F51DA16112}.Debug|Win32.Build.0 = Debug|Win32
		{B320E440-6F01-4310-8298-A7F51DA16112}.MinSizeRel|Win32.ActiveCfg = MinSizeRel|Win32
		{B320E440-6F01-4310-8298-A7F51DA16112}.MinSizeRel|Win32.Build.0 = MinSizeRel|Win32
		{B320E440-6F01-4310-8298-A7F51DA16112}.Release|Win32.ActiveCfg = Release|Win32
		{B320E440-6F01-4310-8298-A7F51DA16112}.Release|Win32.Build.0 = Release|Win32
		{B320E440-6F01-4310-8298-A7F51DA16112}.RelWithDebInfo|Win32.ActiveCfg = RelWithDebInfo|Win32
		{B320E440-6F01-4310-8298-A7F51DA16112}.RelWithDebInfo|Win32.Build.0 = RelWithDebInfo|Win32
		{2442FE25-5764-4F8E-8301-AD596D54C4C5}.Debug|Win32.ActiveCfg = Debug|Win32
		{2442FE25-5764-4F8E-8301-AD596D54C4C5}.Debug|Win32.Build.0 = Debug|Win32
		{2442FE25-5764-4F8E-8301-AD596D54C4C5}.MinSizeRel|Win32.ActiveCfg = MinSizeRel|Win32
		{2442FE25-5764-4F8E-8301-AD596D54C4C5}.MinSizeRel|Win32.Build.0 = MinSizeRel|Win32
		{2442FE25-5764-4F8E-8301-AD596D54C4C5}.Release|Win32.ActiveCfg = Release|Win32
		{2442FE25-5764-4F8E-8301-AD596D54C4C5}.Release|Win32.Build.0 = Release|Win32
		{2442FE25-5764-4F8E-8301-AD596D54C4C5}.RelWithDebInfo|Win32.ActiveCfg = RelWithDebInfo|Win32
		{2442FE25-5764-4F8E-8301-AD596D54C4C5}.RelWithDebInfo|Win32.Build.0 = RelWithDebInfo|Win32
		{7A38435D-E638-48D4-88C5-3875CAABFB8F}.Debug|Win32.ActiveCfg = Debug|Win32
		{7A38435D-E638-48D4-88C5-3875CAABFB8F}.Debug|Win32.Build.0 = Debug|Win32
		{7A38435D-E638-48D4-88C5-3875CAABFB8F}.MinSizeRel|Win32.ActiveCfg = MinSizeRel|Win32
		{7A38435D-E638-48D4-88C5-3875CAABFB8F}.MinSizeRel|Win32.Build.0 = MinSizeRel|Win32
		{7A38435D-E638-48D4-88C5-3875CAABFB8F}.Release|Win32.ActiveCfg = Release|Win32
		{7A38435D-E638-48D4-88C5-3875CAABFB8F}.Release|Win32.Build.0 = Release|Win32
		{7A38435D-E638-48D4-88C5-3875CAABFB8F}.RelWithDebInfo|Win32.ActiveCfg = RelWithDebInfo|Win32
		{7A38435D-E638-48D4-88C5-3875CAABFB8F}.RelWithDebInfo|Win32.Build.0 = RelWithDebInfo|Win32
		{95E7F3E8-9FDC-47CD-83C1-978A1AF715B4}.Debug|Win32.ActiveCfg = Debug|Win32
		{95E7F3E8-9FDC-47CD-83C1-978A1AF715B4}.Debug|Win32.Build.0 = Debug|Win32
		{95E7F3E8-9FDC-47CD-83C1-978A1AF715B4}.MinSizeRel|Win32.ActiveCfg = MinSizeRel|Win32
		{95E7F3E8-9FDC-47CD-83C1-978A1AF715B4}.MinSizeRel|Win32.Build.0 = MinSizeRel|Win32
		{95E7F3E8-9FDC-47CD-83C1-978A1AF715B4}.Release|Win32.ActiveCfg = Release|Win32
		{95E7F3E8-9FDC-47CD-83C1-978A1AF715B4}.Release|Win32.Build.0 = Release|Win32
		{95E7F3E8-9FDC-47CD-83C1-978A1AF715B4}.RelWithDebInfo|Win32.ActiveCfg = RelWithDebInfo|Win32
		{95E7F3E8-9FDC-47CD-83C1-978A1AF715B4}.RelWithDebInfo|Win32.Build.0 = RelWithDebInfo|Win32
		{4632694D-754D-4B61-8641-BEB501B1D869}.Debug|Win32.ActiveCfg = Debug|Win32
		{4632694D-754D-4B61-8641-BEB501B1D869}.Debug|Win32.Build.0 = Debug|Win32
		{4632694D-754D-4B61-8641-BEB501B1D869}.MinSizeRel|Win32.ActiveCfg = MinSizeRel|Win32
		{4632694D-754D-4B61-8641-BEB501B1D869}.MinSizeRel|Win32.Build.0 = MinSizeRel|Win32
		{4632694D-754D-4B61-8641-BEB501B1D869}.Release|Win32.ActiveCfg = Release|Win32
		{4632694D-754D-4B61-8641-BEB501B1D869}.Release|Win32.Build.0 = Release|Win32
		{4632694D-754D-4B61-8641-BEB501B1D869}.RelWithDebInfo|Win32.ActiveCfg = RelWithDebInfo|Win32
		{4632694D-754D-4B61-8641-BEB501B1D869}.RelWithDebInfo|Win32.Build.0 = RelWithDebInfo|Win32
		{7A7827E0-E12A-4B65-8B17-F0CA950CDD4F}.Debug|Win32.ActiveCfg = Debug|Win32
		{7A7827E0-E12A-4B65-8B17-F0CA950CDD4F}.Debug|Win32.Build.0 = Debug|Win32
		{7A7827E0-E12A-4B65-8B17-F0CA950CDD4F}.MinSizeRel|Win32.ActiveCfg = MinSizeRel|Win32
		{7A7827E0-E12A-4B65-8B17-F0CA950CDD4F}.MinSizeRel|Win32.Build.0 = MinSizeRel|Win32
		{7A7827E0-E12A-4B65-8B17-F0CA950CDD4F}.Release|Win32.ActiveCfg = Release|Win32
		{7A7827E0-E12A-4B65-8B17-F0CA950CDD4F}.Release|Win32.Build.0 = Release|Win32
		{7A7827E0-E12A-4B65-8B17-F0CA950CDD4F}.RelWithDebInfo|Win32.ActiveCfg = RelWithDebInfo|Win32
		{7A7827E0-E12A-4B65-8B17-F0CA950CDD4F}.RelWithDebInfo|Win32.Build.0 = RelWithDebInfo|Win32
		{07C2F603-B062-4D91-AE04-71C82104E64B}.Debug|Win32.ActiveCfg = Debug|Win32
		{07C2F603-B062-4D91-AE04-71C82104E64B}.Debug|Win32.Build.0 = Debug|Win32
		{07C2F603-B062-4D91-AE04-71C82104E64B}.MinSizeRel|Win32.ActiveCfg = MinSizeRel|Win32
		{07C2F603-B062-4D91-AE04-71C82104E64B}.MinSizeRel|Win32.Build.0 = MinSizeRel|Win32
		{07C2F603-B062-4D91-AE04-71C82104E64B}.Release|Win32.ActiveCfg = Release|Win32
		{07C2F603-B062-4D91-AE04-71C82104E64B}.Release|Win32.Build.0 = Release|Win32
		{07C2F603-B062-4D91-AE04-71C82104E64B}.RelWithDebInfo|Win32.ActiveCfg = RelWithDebInfo|Win32
		{07C2F603-B062-4D91-AE04-71C82104E64B}.RelWithDebInfo|Win32.Build.0 = RelWithDebInfo|Win32
		{442C50EA-F7CB-4A15-B4C7-ECBFEF65C831}.Debug|Win32.ActiveCfg = Debug|Win32
		{442C50EA-F7CB-4A15-B4C7-ECBFEF65C831}.Debug|Win32.Build.0 = Debug|Win32
		{442C50EA-F7CB-4A15-B4C7-ECBFEF65C831}.MinSizeRel|Win32.ActiveCfg = MinSizeRel|Win32
		{442C50EA-F7CB-4A15-B4C7-ECBFEF65C831}.MinSizeRel|Win32.Build.0 = MinSizeRel|Win32
		{442C50EA-F7CB-4A15-B4C7-ECBFEF65C831}.Release|Win32.ActiveCfg = Release|Win32
		{442C50EA-F7CB-4A15-B4C7-ECBFEF65C831}.Release|Win32.Build.0 = Release|Win32
		{442C50EA-F7CB-4A15-B4C7-ECBFEF65C831}.RelWithDebInfo|Win32.ActiveCfg = RelWithDebInfo|Win32
		{442C50EA-F7CB-4A15-B4C7-ECBFEF65C831}.RelWithDebInfo|Win32.Build.0 = RelWithDebInfo|Win32
		{86F4D0E5-27F6-4840-961A-1E1558FAD30F}.Debug|Win32.ActiveCfg = Debug|Win32
		{86F4D0E5-27F6-4840-961A-1E1558FAD30F}.Debug|Win32.Build.0 = Debug|Win32
		{86F4D0E5-27F6-4840-961A-1E1558FAD30F}.MinSizeRel|Win32.ActiveCfg = MinSizeRel|Win32
		{86F4D0E5-27F6-4840-961A-1E1558FAD30F}.MinSizeRel|Win32.Build.0 = MinSizeRel|Win32
		{86F4D0E5-27F6-4840-961A-1E1558FAD30F}.Release|Win32.ActiveCfg = Release|Win32
		{86F4D0E5-27F6-4840-961A-1E1558FAD30F}.Release|Win32.Build.0 = Release|Win32
		{86F4D0E5-27F6-4840-961A-1E1558FAD30F}.RelWithDebInfo|Win32.ActiveCfg = RelWithDebInfo|Win32
		{86F4D0E5-27F6-4840-961A-1E1558FAD30F}.RelWithDebInfo|Win32.Build.0 = RelWithDebInfo|Win32
		{3A939501-44E0-46FA-B25D-3576A178BFF1}.Debug|Win32.ActiveCfg = Debug|Win32
		{3A939501-44E0-46FA-B25D-3576A178BFF1}.Debug|Win32.Build.0 = Debug|Win32
		{3A939501-44E0-46FA-B25D-3576A178BFF1}.MinSizeRel|Win32.ActiveCfg = MinSizeRel|Win32
		{3A939501-44E0-46FA-B25D-3576A178BFF1}.MinSizeRel|Win32.Build.0 = MinSizeRel|Win32
		{3A939501-44E0-46FA-B25D-3576A178BFF1}.Release|Win32.ActiveCfg = Release|Win32
		{3A939501-44E0-46FA-B25D-3576A178BFF1}.Release|Win32.Build.0 = Release|Win32
		{3A939501-44E0-46FA-B25D-3576A178BFF1}.RelWithDebInfo|Win32.ActiveCfg = RelWithDebInfo|Win32
		{3A939501-44E0-46FA-B25D-3576A178BFF1}.RelWithDebInfo|Win32.Build.0 = RelWithDebInfo|Win32
		{9C797A67-1578-44B1-8FFA-9112D2625DB9}.Debug|Win32.ActiveCfg = Debug|Win32
		{9C797A67-1578-44B1-8FFA-9112D2625DB9}.Debug|Win32.Build.0 = Debug|Win32
		{9C797A67-1578-44B1-8FFA-9112D2625DB9}.MinSizeRel|Win32.ActiveCfg = MinSizeRel|Win32
		{9C797A67-1578-44B1-8FFA-9112D2625DB9}.MinSizeRel|Win32.Build.0 = MinSizeRel|Win32
		{9C797A67-1578-44B1-8FFA-9112D2625DB9}.Release|Win32.ActiveCfg = Release|Win32
		{9C797A67-1578-44B1-8FFA-9112D2625DB9}.Release|Win32.Build.0 = Release|Win32
		{9C797A67-1578-44B1-8FFA-9112D2625DB9}.RelWithDebInfo|Win32.ActiveCfg = RelWithDebInfo|Win32
		{9C797A67-1578-44B1-8FFA-9112D2625DB9}.RelWithDebInfo|Win32.Build.0 = RelWithDebInfo|Win32
		{687A0A2E-3E13-400D-BEE3-E1D911F82836}.Debug|Win32.ActiveCfg = Debug|Win32
		{687A0A2E-3E13-400D-BEE3-E1D911F82836}.Debug|Win32.Build.0 = Debug|Win32
		{687A0A2E-3E13-400D-BEE3-E1D911F82836}.MinSizeRel|Win32.ActiveCfg = MinSizeRel|Win32
		{687A0A2E-3E13-400D-BEE3-E1D911F82836}.MinSizeRel|Win32.Build.0 = MinSizeRel|Win32
		{687A0A2E-3E13-400D-BEE3-E1D911F82836}.Release|Win32.ActiveCfg = Release|Win32
		{687A0A2E-3E13-400D-BEE3-E1D911F82836}.Release|Win32.Build.0 = Release|Win32
		{687A0A2E-3E13-400D-BEE3-E1D911F82836}.RelWithDebInfo|Win32.ActiveCfg = RelWithDebInfo|Win32
		{687A0A2E-3E13-400D-BEE3-E1D911F82836}.RelWithDebInfo|Win32.Build.0 = RelWithDebInfo|Win32
		{2D8F6E99-4E33-4248-8884-E3E7BB698AE2}.Debug|Win32.ActiveCfg = Debug|Win32
		{2D8F6E99-4E33-4248-8884-E3E7BB698AE2}.Debug|Win32.Build.0 = Debug|Win32
		{2D8F6E99-4E33-4248-8884-E3E7BB698AE2}.MinSizeRel|Win32.ActiveCfg = MinSizeRel|Win32
		{2D8F6E99-4E33-4248-8884-E3E7BB698AE2}.MinSizeRel|Win32.Build.0 = MinSizeRel|Win32
		{2D8F6E99-4E33-4248-8884-E3E7BB698AE2}.Release|Win32.ActiveCfg = Release|Win32
		{2D8F6E99-4E33-4248-8884-E3E7BB698AE2}.Release|Win32.Build.0 = Release|Win32
		{2D8F6E99-4E33-4248-8884-E3E7BB698AE2}.RelWithDebInfo|Win32.ActiveCfg = RelWithDebInfo|Win32
		{2D8F6E99-4E33-4248-8884-E3E7BB698AE2}.RelWithDebInfo|Win32.Build.0 = RelWithDebInfo|Win32
		{5E657353-777C-41DC-82E5-98A2286FA968}.Debug|Win32.ActiveCfg = Debug|Win32
		{5E657353-777C-41DC-82E5-98A2286FA968}.Debug|Win32.Build.0 = Debug|Win32
		{5E657353-777C-41DC-82E5-98A2286FA968}.MinSizeRel|Win32.ActiveCfg = MinSizeRel|Win32
		{5E657353-777C-41DC-82E5-98A2286FA968}.MinSizeRel|Win32.Build.0 = MinSizeRel|Win32
		{5E657353-777C-41DC-82E5-98A2286FA968}.Release|Win32.ActiveCfg = Release|Win32
		{5E657353-777C-41DC-82E5-98A2286FA968}.Release|Win32.Build.0 = Release|Win32
		{5E657353-777C-41DC-82E5-98A2286FA968}.RelWithDebInfo|Win32.ActiveCfg = RelWithDebInfo|Win32
		{5E657353-777C-41DC-82E5-98A2286FA968}.RelWithDebInfo|Win32.Build.0 = RelWithDebInfo|Win32
		{ADB0D9C3-C4DA-4F57-8D68-B18FD62CCAA2}.Debug|Win32.ActiveCfg = Debug|Win32
		{ADB0D9C3-C4DA-4F57-8D68-B18FD62CCAA2}.Debug|Win32.Build.0 = Debug|Win32
		{ADB0D9C3-C4DA-4F57-8D68-B18FD62CCAA2}.MinSizeRel|Win32.ActiveCfg = MinSizeRel|Win32
		{ADB0D9C3-C4DA-4F57-8D68-B18FD62CCAA2}.MinSizeRel|Win32.Build.0 = MinSizeRel|Win32
		{ADB0D9C3-C4DA-4F57-8D68-B18FD62CCAA2}.Release|Win32.ActiveCfg = Release|Win32
		{ADB0D9C3-C4DA-4F57-8D68-B18FD62CCAA2}.Release|Win32.Build.0 = Release|Win32
		{ADB0D9C3-C4DA-4F57-8D68-B18FD62CCAA2}.RelWithDebInfo|Win32.ActiveCfg = RelWithDebInfo|Win32
		{ADB0D9C3-C4DA-4F57-8D68-B18FD62CCAA2}.RelWithDebInfo|Win32.Build.0 = RelWithDebInfo|Win32
		{837018DE-8047-4953-91DC-F6E329C12DCB}.Debug|Win32.ActiveCfg = Debug|Win32
		{837018DE-8047-4953-91DC-F6E329C12DCB}.Debug|Win32.Build.0 = Debug|Win32
		{837018DE-8047-4953-91DC-F6E329C12DCB}.MinSizeRel|Win32.ActiveCfg = MinSizeRel|Win32
		{837018DE-8047-4953-91DC-F6E329C12DCB}.MinSizeRel|Win32.Build.0 = MinSizeRel|Win32
		{837018DE-8047-4953-91DC-F6E329C12DCB}.Release|Win32.ActiveCfg = Release|Win32
		{837018DE-8047-4953-91DC-F6E329C12DCB}.Release|Win32.Build.0 = Release|Win32
		{837018DE-8047-4953-91DC-F6E329C12DCB}.RelWithDebInfo|Win32.ActiveCfg = RelWithDebInfo|Win32
		{837018DE-8047-4953-91DC-F6E329C12DCB}.RelWithDebInfo|Win32.Build.0 = RelWithDebInfo|Win32
		{EBD62C1C-314E-4D99-A868-726B8C6E22B2}.Debug|Win32.ActiveCfg = Debug|Win32
		{EBD62C1C-314E-4D99-A868-726B8C6E22B2}.Debug|Win32.Build.0 = Debug|Win32
		{EBD62C1C-314E-4D99-A868-726B8C6E22B2}.MinSizeRel|Win32.ActiveCfg = MinSizeRel|Win32
		{EBD62C1C-314E-4D99-A868-726B8C6E22B2}.MinSizeRel|Win32.Build.0 = MinSizeRel|Win32
		{EBD62C1C-314E-4D99-A868-726B8C6E22B2}.Release|Win32.ActiveCfg = Release|Win32
		{EBD62C1C-314E-4D99-A868-726B8C6E22B2}.Release|Win32.Build.0 = Release|Win32
		{EBD62C1C-314E-4D99-A868-726B8C6E22B2}.RelWithDebInfo|Win32.ActiveCfg = RelWithDebInfo|Win32
		{EBD62C1C-314E-4D99-A868-726B8C6E22B2}.RelWithDebInfo|Win32.Build.0 = RelWithDebInfo|Win32
		{D953B49A-BDC3-45B7-9D2F-9EC64037BC99}.Debug|Win32.ActiveCfg = Debug|Win32
		{D953B49A-BDC3-45B7-9D2F-9EC64037BC99}.Debug|Win32.Build.0 = Debug|Win32
		{D953B49A-BDC3-45B7-9D2F-9EC64037BC99}.MinSizeRel|Win32.ActiveCfg = MinSizeRel|Win32
		{D953B49A-BDC3-45B7-9D2F-9EC64037BC99}.MinSizeRel|Win32.Build.0 = MinSizeRel|Win32
		{D953B49A-BDC3-45B7-9D2F-9EC64037BC99}.Release|Win32.ActiveCfg = Release|Win32
		{D953B49A-BDC3-45B7-9D2F-9EC64037BC99}.Release|Win32.Build.0 = Release|Win32
		{D953B49A-BDC3-45B7-9D2F-9EC64037BC99}.RelWithDebInfo|Win32.ActiveCfg = RelWithDebInfo|Win32
		{D953B49A-BDC3-45B7-9D2F-9EC64037BC99}.RelWithDebInfo|Win32.Build.0 = RelWithDebInfo|Win32
		{CD60AA66-3AEE-4BE3-8A83-F65ED081634E}.Debug|Win32.ActiveCfg = Debug|Win32
		{CD60AA66-3AEE-4BE3-8A83-F65ED081634E}.Debug|Win32.Build.0 = Debug|Win32
		{CD60AA66-3AEE-4BE3-8A83-F65ED081634E}.MinSizeRel|Win32.ActiveCfg = MinSizeRel|Win32
		{CD60AA66-3AEE-4BE3-8A83-F65ED081634E}.MinSizeRel|Win32.Build.0 = MinSizeRel|Win32
		{CD60AA66-3AEE-4BE3-8A83-F65ED081634E}.Release|Win32.ActiveCfg = Release|Win32
		{CD60AA66-3AEE-4BE3-8A83-F65ED081634E}.Release|Win32.Build.0 = Release|Win32
		{CD60AA66-3AEE-4BE3-8A83-F65ED081634E}.RelWithDebInfo|Win32.ActiveCfg = RelWithDebInfo|Win32
		{CD60AA66-3AEE-4BE3-8A83-F65ED081634E}.RelWithDebInfo|Win32.Build.0 = RelWithDebInfo|Win32
		{92D67050-6A8A-408B-86F4-BBFB32B9DFD0}.Debug|Win32.ActiveCfg = Debug|Win32
		{92D67050-6A8A-408B-86F4-BBFB32B9DFD0}.Debug|Win32.Build.0 = Debug|Win32
		{92D67050-6A8A-408B-86F4-BBFB32B9DFD0}.MinSizeRel|Win32.ActiveCfg = MinSizeRel|Win32
		{92D67050-6A8A-408B-86F4-BBFB32B9DFD0}.MinSizeRel|Win32.Build.0 = MinSizeRel|Win32
		{92D67050-6A8A-408B-86F4-BBFB32B9DFD0}.Release|Win32.ActiveCfg = Release|Win32
		{92D67050-6A8A-408B-86F4-BBFB32B9DFD0}.Release|Win32.Build.0 = Release|Win32
		{92D67050-6A8A-408B-86F4-BBFB32B9DFD0}.RelWithDebInfo|Win32.ActiveCfg = RelWithDebInfo|Win32
		{92D67050-6A8A-408B-86F4-BBFB32B9DFD0}.RelWithDebInfo|Win32.Build.0 = RelWithDebInfo|Win32
		{2F2E8B34-70C5-4AB1-92B9-5E0EF4F4EF4C}.Debug|Win32.ActiveCfg = Debug|Win32
		{2F2E8B34-70C5-4AB1-92B9-5E0EF4F4EF4C}.Debug|Win32.Build.0 = Debug|Win32
		{2F2E8B34-70C5-4AB1-92B9-5E0EF4F4EF4C}.MinSizeRel|Win32.ActiveCfg = MinSizeRel|Win32
		{2F2E8B34-70C5-4AB1-92B9-5E0EF4F4EF4C}.MinSizeRel|Win32.Build.0 = MinSizeRel|Win32
		{2F2E8B34-70C5-4AB1-92B9-5E0EF4F4EF4C}.Release|Win32.ActiveCfg = Release|Win32
		{2F2E8B34-70C5-4AB1-92B9-5E0EF4F4EF4C}.Release|Win32.Build.0 = Release|Win32
		{2F2E8B34-70C5-4AB1-92B9-5E0EF4F4EF4C}.RelWithDebInfo|Win32.ActiveCfg = RelWithDebInfo|Win32
		{2F2E8B34-70C5-4AB1-92B9-5E0EF4F4EF4C}.RelWithDebInfo|Win32.Build.0 = RelWithDebInfo|Win32
		{4A59D987-3FE3-409C-9E84-152293EA4AE4}.Debug|Win32.ActiveCfg = Debug|Win32
		{4A59D987-3FE3-409C-9E84-152293EA4AE4}.Debug|Win32.Build.0 = Debug|Win32
		{4A59D987-3FE3-409C-9E84-152293EA4AE4}.MinSizeRel|Win32.ActiveCfg = MinSizeRel|Win32
		{4A59D987-3FE3-409C-9E84-152293EA4AE4}.MinSizeRel|Win32.Build.0 = MinSizeRel|Win32
		{4A59D987-3FE3-409C-9E84-152293EA4AE4}.Release|Win32.ActiveCfg = Release|Win32
		{4A59D987-3FE3-409C-9E84-152293EA4AE4}.Release|Win32.Build.0 = Release|Win32
		{4A59D987-3FE3-409C-9E84-152293EA4AE4}.RelWithDebInfo|Win32.ActiveCfg = RelWithDebInfo|Win32
		{4A59D987-3FE3-409C-9E84-152293EA4AE4}.RelWithDebInfo|Win32.Build.0 = RelWithDebInfo|Win32
		{FD75C491-6F15-4B93-86FD-E0B5E909150A}.Debug|Win32.ActiveCfg = Debug|Win32
		{FD75C491-6F15-4B93-86FD-E0B5E909150A}.Debug|Win32.Build.0 = Debug|Win32
		{FD75C491-6F15-4B93-86FD-E0B5E909150A}.MinSizeRel|Win32.ActiveCfg = MinSizeRel|Win32
		{FD75C491-6F15-4B93-86FD-E0B5E909150A}.MinSizeRel|Win32.Build.0 = MinSizeRel|Win32
		{FD75C491-6F15-4B93-86FD-E0B5E909150A}.Release|Win32.ActiveCfg = Release|Win32
		{FD75C491-6F15-4B93-86FD-E0B5E909150A}.Release|Win32.Build.0 = Release|Win32
		{FD75C491-6F15-4B93-86FD-E0B5E909150A}.RelWithDebInfo|Win32.ActiveCfg = RelWithDebInfo|Win32
		{FD75C491-6F15-4B93-86FD-E0B5E909150A}.RelWithDebInfo|Win32.Build.0 = RelWithDebInfo|Win32
		{DEC2FF0F-9882-4753-ACDA-997240FF6359}.Debug|Win32.ActiveCfg = Debug|Win32
		{DEC2FF0F-9882-4753-ACDA-997240FF6359}.Debug|Win32.Build.0 = Debug|Win32
		{DEC2FF0F-9882-4753-ACDA-997240FF6359}.MinSizeRel|Win32.ActiveCfg = MinSizeRel|Win32
		{DEC2FF0F-9882-4753-ACDA-997240FF6359}.MinSizeRel|Win32.Build.0 = MinSizeRel|Win32
		{DEC2FF0F-9882-4753-ACDA-997240FF6359}.Release|Win32.ActiveCfg = Release|Win32
		{DEC2FF0F-9882-4753-ACDA-997240FF6359}.Release|Win32.Build.0 = Release|Win32
		{DEC2FF0F-9882-4753-ACDA-997240FF6359}.RelWithDebInfo|Win32.ActiveCfg = RelWithDebInfo|Win32
		{DEC2FF0F-9882-4753-ACDA-997240FF6359}.RelWithDebInfo|Win32.Build.0 = RelWithDebInfo|Win32
		{D8DAAA37-17B8-4C7B-93CA-3C04DBEBB494}.Debug|Win32.ActiveCfg = Debug|Win32
		{D8DAAA37-17B8-4C7B-93CA-3C04DBEBB494}.Debug|Win32.Build.0 = Debug|Win32
		{D8DAAA37-17B8-4C7B-93CA-3C04DBEBB494}.MinSizeRel|Win32.ActiveCfg = MinSizeRel|Win32
		{D8DAAA37-17B8-4C7B-93CA-3C04DBEBB494}.MinSizeRel|Win32.Build.0 = MinSizeRel|Win32
		{D8DAAA37-17B8-4C7B-93CA-3C04DBEBB494}.Release|Win32.ActiveCfg = Release|Win32
		{D8DAAA37-17B8-4C7B-93CA-3C04DBEBB494}.Release|Win32.Build.0 = Release|Win32
		{D8DAAA37-17B8-4C7B-93CA-3C04DBEBB494}.RelWithDebInfo|Win32.ActiveCfg = RelWithDebInfo|Win32
		{D8DAAA37-17B8-4C7B-93CA-3C04DBEBB494}.RelWithDebInfo|Win32.Build.0 = RelWithDebInfo|Win32
		{4F5F2B9F-A22E-4B91-80D0-354FBC7325FE}.Debug|Win32.ActiveCfg = Debug|Win32
		{4F5F2B9F-A22E-4B91-80D0-354FBC7325FE}.Debug|Win32.Build.0 = Debug|Win32
		{4F5F2B9F-A22E-4B91-80D0-354FBC7325FE}.MinSizeRel|Win32.ActiveCfg = MinSizeRel|Win32
		{4F5F2B9F-A22E-4B91-80D0-354FBC7325FE}.MinSizeRel|Win32.Build.0 = MinSizeRel|Win32
		{4F5F2B9F-A22E-4B91-80D0-354FBC7325FE}.Release|Win32.ActiveCfg = Release|Win32
		{4F5F2B9F-A22E-4B91-80D0-354FBC7325FE}.Release|Win32.Build.0 = Release|Win32
		{4F5F2B9F-A22E-4B91-80D0-354FBC7325FE}.RelWithDebInfo|Win32.ActiveCfg = RelWithDebInfo|Win32
		{4F5F2B9F-A22E-4B91-80D0-354FBC7325FE}.RelWithDebInfo|Win32.Build.0 = RelWithDebInfo|Win32
		{7B402642-46B2-4020-B19C-E9A440CF241A}.Debug|Win32.ActiveCfg = Debug|Win32
		{7B402642-46B2-4020-B19C-E9A440CF241A}.Debug|Win32.Build.0 = Debug|Win32
		{7B402642-46B2-4020-B19C-E9A440CF241A}.MinSizeRel|Win32.ActiveCfg = MinSizeRel|Win32
		{7B402642-46B2-4020-B19C-E9A440CF241A}.MinSizeRel|Win32.Build.0 = MinSizeRel|Win32
		{7B402642-46B2-4020-B19C-E9A440CF241A}.Release|Win32.ActiveCfg = Release|Win32
		{7B402642-46B2-4020-B19C-E9A440CF241A}.Release|Win32.Build.0 = Release|Win32
		{7B402642-46B2-4020-B19C-E9A440CF241A}.RelWithDebInfo|Win32.ActiveCfg = RelWithDebInfo|Win32
		{7B402642-46B2-4020-B19C-E9A440CF241A}.RelWithDebInfo|Win32.Build.0 = RelWithDebInfo|Win32
		{8521A529-D57E-4081-A45F-6A7A0FA7C190}.Debug|Win32.ActiveCfg = Debug|Win32
		{8521A529-D57E-4081-A45F-6A7A0FA7C190}.Debug|Win32.Build.0 = Debug|Win32
		{8521A529-D57E-4081-A45F-6A7A0FA7C190}.MinSizeRel|Win32.ActiveCfg = MinSizeRel|Win32
		{8521A529-D57E-4081-A45F-6A7A0FA7C190}.MinSizeRel|Win32.Build.0 = MinSizeRel|Win32
		{8521A529-D57E-4081-A45F-6A7A0FA7C190}.Release|Win32.ActiveCfg = Release|Win32
		{8521A529-D57E-4081-A45F-6A7A0FA7C190}.Release|Win32.Build.0 = Release|Win32
		{8521A529-D57E-4081-A45F-6A7A0FA7C190}.RelWithDebInfo|Win32.ActiveCfg = RelWithDebInfo|Win32
		{8521A529-D57E-4081-A45F-6A7A0FA7C190}.RelWithDebInfo|Win32.Build.0 = RelWithDebInfo|Win32
		{4840B2E0-9C7A-4B08-A32C-E7ED672F5027}.Debug|Win32.ActiveCfg = Debug|Win32
		{4840B2E0-9C7A-4B08-A32C-E7ED672F5027}.Debug|Win32.Build.0 = Debug|Win32
		{4840B2E0-9C7A-4B08-A32C-E7ED672F5027}.MinSizeRel|Win32.ActiveCfg = MinSizeRel|Win32
		{4840B2E0-9C7A-4B08-A32C-E7ED672F5027}.MinSizeRel|Win32.Build.0 = MinSizeRel|Win32
		{4840B2E0-9C7A-4B08-A32C-E7ED672F5027}.Release|Win32.ActiveCfg = Release|Win32
		{4840B2E0-9C7A-4B08-A32C-E7ED672F5027}.Release|Win32.Build.0 = Release|Win32
		{4840B2E0-9C7A-4B08-A32C-E7ED672F5027}.RelWithDebInfo|Win32.ActiveCfg = RelWithDebInfo|Win32
		{4840B2E0-9C7A-4B08-A32C-E7ED672F5027}.RelWithDebInfo|Win32.Build.0 = RelWithDebInfo|Win32
		{409CFBCA-4236-4560-88F0-B26A44F82E46}.Debug|Win32.ActiveCfg = Debug|Win32
		{409CFBCA-4236-4560-88F0-B26A44F82E46}.Debug|Win32.Build.0 = Debug|Win32
		{409CFBCA-4236-4560-88F0-B26A44F82E46}.MinSizeRel|Win32.ActiveCfg = MinSizeRel|Win32
		{409CFBCA-4236-4560-88F0-B26A44F82E46}.MinSizeRel|Win32.Build.0 = MinSizeRel|Win32
		{409CFBCA-4236-4560-88F0-B26A44F82E46}.Release|Win32.ActiveCfg = Release|Win32
		{409CFBCA-4236-4560-88F0-B26A44F82E46}.Release|Win32.Build.0 = Release|Win32
		{409CFBCA-4236-4560-88F0-B26A44F82E46}.RelWithDebInfo|Win32.ActiveCfg = RelWithDebInfo|Win32
		{409CFBCA-4236-4560-88F0-B26A44F82E46}.RelWithDebInfo|Win32.Build.0 = RelWithDebInfo|Win32
		{E4ACCF42-90DA-43A2-8DEF-5835A18B1E80}.Debug|Win32.ActiveCfg = Debug|Win32
		{E4ACCF42-90DA-43A2-8DEF-5835A18B1E80}.Debug|Win32.Build.0 = Debug|Win32
		{E4ACCF42-90DA-43A2-8DEF-5835A18B1E80}.MinSizeRel|Win32.ActiveCfg = MinSizeRel|Win32
		{E4ACCF42-90DA-43A2-8DEF-5835A18B1E80}.MinSizeRel|Win32.Build.0 = MinSizeRel|Win32
		{E4ACCF42-90DA-43A2-8DEF-5835A18B1E80}.Release|Win32.ActiveCfg = Release|Win32
		{E4ACCF42-90DA-43A2-8DEF-5835A18B1E80}.Release|Win32.Build.0 = Release|Win32
		{E4ACCF42-90DA-43A2-8DEF-5835A18B1E80}.RelWithDebInfo|Win32.ActiveCfg = RelWithDebInfo|Win32
		{E4ACCF42-90DA-43A2-8DEF-5835A18B1E80}.RelWithDebInfo|Win32.Build.0 = RelWithDebInfo|Win32
		{10BB8DC4-B3D5-4E2A-A83E-5CCF9A2E4FCA}.Debug|Win32.ActiveCfg = Debug|Win32
		{10BB8DC4-B3D5-4E2A-A83E-5CCF9A2E4FCA}.Debug|Win32.Build.0 = Debug|Win32
		{10BB8DC4-B3D5-4E2A-A83E-5CCF9A2E4FCA}.MinSizeRel|Win32.ActiveCfg = MinSizeRel|Win32
		{10BB8DC4-B3D5-4E2A-A83E-5CCF9A2E4FCA}.MinSizeRel|Win32.Build.0 = MinSizeRel|Win32
		{10BB8DC4-B3D5-4E2A-A83E-5CCF9A2E4FCA}.Release|Win32.ActiveCfg = Release|Win32
		{10BB8DC4-B3D5-4E2A-A83E-5CCF9A2E4FCA}.Release|Win32.Build.0 = Release|Win32
		{10BB8DC4-B3D5-4E2A-A83E-5CCF9A2E4FCA}.RelWithDebInfo|Win32.ActiveCfg = RelWithDebInfo|Win32
		{10BB8DC4-B3D5-4E2A-A83E-5CCF9A2E4FCA}.RelWithDebInfo|Win32.Build.0 = RelWithDebInfo|Win32
		{CA2D57A3-4B07-4A61-BD5B-0C5D49958C13}.Debug|Win32.ActiveCfg = Debug|Win32
		{CA2D57A3-4B07-4A61-BD5B-0C5D49958C13}.Debug|Win32.Build.0 = Debug|Win32
		{CA2D57A3-4B07-4A61-BD5B-0C5D49958C13}.MinSizeRel|Win32.ActiveCfg = MinSizeRel|Win32
		{CA2D57A3-4B07-4A61-BD5B-0C5D49958C13}.MinSizeRel|Win32.Build.0 = MinSizeRel|Win32
		{CA2D57A3-4B07-4A61-BD5B-0C5D49958C13}.Release|Win32.ActiveCfg = Release|Win32
		{CA2D57A3-4B07-4A61-BD5B-0C5D49958C13}.Release|Win32.Build.0 = Release|Win32
		{CA2D57A3-4B07-4A61-BD5B-0C5D49958C13}.RelWithDebInfo|Win32.ActiveCfg = RelWithDebInfo|Win32
		{CA2D57A3-4B07-4A61-BD5B-0C5D49958C13}.RelWithDebInfo|Win32.Build.0 = RelWithDebInfo|Win32
		{94BAD0ED-84B6-46D5-B5B3-257E53B29C69}.Debug|Win32.ActiveCfg = Debug|Win32
		{94BAD0ED-84B6-46D5-B5B3-257E53B29C69}.Debug|Win32.Build.0 = Debug|Win32
		{94BAD0ED-84B6-46D5-B5B3-257E53B29C69}.MinSizeRel|Win32.ActiveCfg = MinSizeRel|Win32
		{94BAD0ED-84B6-46D5-B5B3-257E53B29C69}.MinSizeRel|Win32.Build.0 = MinSizeRel|Win32
		{94BAD0ED-84B6-46D5-B5B3-257E53B29C69}.Release|Win32.ActiveCfg = Release|Win32
		{94BAD0ED-84B6-46D5-B5B3-257E53B29C69}.Release|Win32.Build.0 = Release|Win32
		{94BAD0ED-84B6-46D5-B5B3-257E53B29C69}.RelWithDebInfo|Win32.ActiveCfg = RelWithDebInfo|Win32
		{94BAD0ED-84B6-46D5-B5B3-257E53B29C69}.RelWithDebInfo|Win32.Build.0 = RelWithDebInfo|Win32
		{1CF9B32B-2F57-4676-8D48-B45E5979E22B}.Debug|Win32.ActiveCfg = Debug|Win32
		{1CF9B32B-2F57-4676-8D48-B45E5979E22B}.Debug|Win32.Build.0 = Debug|Win32
		{1CF9B32B-2F57-4676-8D48-B45E5979E22B}.MinSizeRel|Win32.ActiveCfg = MinSizeRel|Win32
		{1CF9B32B-2F57-4676-8D48-B45E5979E22B}.MinSizeRel|Win32.Build.0 = MinSizeRel|Win32
		{1CF9B32B-2F57-4676-8D48-B45E5979E22B}.Release|Win32.ActiveCfg = Release|Win32
		{1CF9B32B-2F57-4676-8D48-B45E5979E22B}.Release|Win32.Build.0 = Release|Win32
		{1CF9B32B-2F57-4676-8D48-B45E5979E22B}.RelWithDebInfo|Win32.ActiveCfg = RelWithDebInfo|Win32
		{1CF9B32B-2F57-4676-8D48-B45E5979E22B}.RelWithDebInfo|Win32.Build.0 = RelWithDebInfo|Win32
		{145C3233-DE22-44CC-A6F4-2B322EB3C6EC}.Debug|Win32.ActiveCfg = Debug|Win32
		{145C3233-DE22-44CC-A6F4-2B322EB3C6EC}.Debug|Win32.Build.0 = Debug|Win32
		{145C3233-DE22-44CC-A6F4-2B322EB3C6EC}.MinSizeRel|Win32.ActiveCfg = MinSizeRel|Win32
		{145C3233-DE22-44CC-A6F4-2B322EB3C6EC}.MinSizeRel|Win32.Build.0 = MinSizeRel|Win32
		{145C3233-DE22-44CC-A6F4-2B322EB3C6EC}.Release|Win32.ActiveCfg = Release|Win32
		{145C3233-DE22-44CC-A6F4-2B322EB3C6EC}.Release|Win32.Build.0 = Release|Win32
		{145C3233-DE22-44CC-A6F4-2B322EB3C6EC}.RelWithDebInfo|Win32.ActiveCfg = RelWithDebInfo|Win32
		{145C3233-DE22-44CC-A6F4-2B322EB3C6EC}.RelWithDebInfo|Win32.Build.0 = RelWithDebInfo|Win32
		{C0DAAD70-2E3E-4BE9-A324-BE34DB62687F}.Debug|Win32.ActiveCfg = Debug|Win32
		{C0DAAD70-2E3E-4BE9-A324-BE34DB62687F}.Debug|Win32.Build.0 = Debug|Win32
		{C0DAAD70-2E3E-4BE9-A324-BE34DB62687F}.MinSizeRel|Win32.ActiveCfg = MinSizeRel|Win32
		{C0DAAD70-2E3E-4BE9-A324-BE34DB62687F}.MinSizeRel|Win32.Build.0 = MinSizeRel|Win32
		{C0DAAD70-2E3E-4BE9-A324-BE34DB62687F}.Release|Win32.ActiveCfg = Release|Win32
		{C0DAAD70-2E3E-4BE9-A324-BE34DB62687F}.Release|Win32.Build.0 = Release|Win32
		{C0DAAD70-2E3E-4BE9-A324-BE34DB62687F}.RelWithDebInfo|Win32.ActiveCfg = RelWithDebInfo|Win32
		{C0DAAD70-2E3E-4BE9-A324-BE34DB62687F}.RelWithDebInfo|Win32.Build.0 = RelWithDebInfo|Win32
		{F009B1BA-E006-4025-AD0A-ED796047CE71}.Debug|Win32.ActiveCfg = Debug|Win32
		{F009B1BA-E006-4025-AD0A-ED796047CE71}.Debug|Win32.Build.0 = Debug|Win32
		{F009B1BA-E006-4025-AD0A-ED796047CE71}.MinSizeRel|Win32.ActiveCfg = MinSizeRel|Win32
		{F009B1BA-E006-4025-AD0A-ED796047CE71}.MinSizeRel|Win32.Build.0 = MinSizeRel|Win32
		{F009B1BA-E006-4025-AD0A-ED796047CE71}.Release|Win32.ActiveCfg = Release|Win32
		{F009B1BA-E006-4025-AD0A-ED796047CE71}.Release|Win32.Build.0 = Release|Win32
		{F009B1BA-E006-4025-AD0A-ED796047CE71}.RelWithDebInfo|Win32.ActiveCfg = RelWithDebInfo|Win32
		{F009B1BA-E006-4025-AD0A-ED796047CE71}.RelWithDebInfo|Win32.Build.0 = RelWithDebInfo|Win32
		{541BD22F-D878-4F84-8D2C-0B1369A8493E}.Debug|Win32.ActiveCfg = Debug|Win32
		{541BD22F-D878-4F84-8D2C-0B1369A8493E}.Debug|Win32.Build.0 = Debug|Win32
		{541BD22F-D878-4F84-8D2C-0B1369A8493E}.MinSizeRel|Win32.ActiveCfg = MinSizeRel|Win32
		{541BD22F-D878-4F84-8D2C-0B1369A8493E}.MinSizeRel|Win32.Build.0 = MinSizeRel|Win32
		{541BD22F-D878-4F84-8D2C-0B1369A8493E}.Release|Win32.ActiveCfg = Release|Win32
		{541BD22F-D878-4F84-8D2C-0B1369A8493E}.Release|Win32.Build.0 = Release|Win32
		{541BD22F-D878-4F84-8D2C-0B1369A8493E}.RelWithDebInfo|Win32.ActiveCfg = RelWithDebInfo|Win32
		{541BD22F-D878-4F84-8D2C-0B1369A8493E}.RelWithDebInfo|Win32.Build.0 = RelWithDebInfo|Win32
		{46C6FC57-88EA-480D-8F94-9C4A9CFA6277}.Debug|Win32.ActiveCfg = Debug|Win32
		{46C6FC57-88EA-480D-8F94-9C4A9CFA6277}.Debug|Win32.Build.0 = Debug|Win32
		{46C6FC57-88EA-480D-8F94-9C4A9CFA6277}.MinSizeRel|Win32.ActiveCfg = MinSizeRel|Win32
		{46C6FC57-88EA-480D-8F94-9C4A9CFA6277}.MinSizeRel|Win32.Build.0 = MinSizeRel|Win32
		{46C6FC57-88EA-480D-8F94-9C4A9CFA6277}.Release|Win32.ActiveCfg = Release|Win32
		{46C6FC57-88EA-480D-8F94-9C4A9CFA6277}.Release|Win32.Build.0 = Release|Win32
		{46C6FC57-88EA-480D-8F94-9C4A9CFA6277}.RelWithDebInfo|Win32.ActiveCfg = RelWithDebInfo|Win32
		{46C6FC57-88EA-480D-8F94-9C4A9CFA6277}.RelWithDebInfo|Win32.Build.0 = RelWithDebInfo|Win32
		{25C1520C-EB66-49D7-AC9B-7C842294AD21}.Debug|Win32.ActiveCfg = Debug|Win32
		{25C1520C-EB66-49D7-AC9B-7C842294AD21}.Debug|Win32.Build.0 = Debug|Win32
		{25C1520C-EB66-49D7-AC9B-7C842294AD21}.MinSizeRel|Win32.ActiveCfg = MinSizeRel|Win32
		{25C1520C-EB66-49D7-AC9B-7C842294AD21}.MinSizeRel|Win32.Build.0 = MinSizeRel|Win32
		{25C1520C-EB66-49D7-AC9B-7C842294AD21}.Release|Win32.ActiveCfg = Release|Win32
		{25C1520C-EB66-49D7-AC9B-7C842294AD21}.Release|Win32.Build.0 = Release|Win32
		{25C1520C-EB66-49D7-AC9B-7C842294AD21}.RelWithDebInfo|Win32.ActiveCfg = RelWithDebInfo|Win32
		{25C1520C-EB66-49D7-AC9B-7C842294AD21}.RelWithDebInfo|Win32.Build.0 = RelWithDebInfo|Win32
		{C8C779CC-BF2F-474C-A8BE-CE0941AD5020}.Debug|Win32.ActiveCfg = Debug|Win32
		{C8C779CC-BF2F-474C-A8BE-CE0941AD5020}.Debug|Win32.Build.0 = Debug|Win32
		{C8C779CC-BF2F-474C-A8BE-CE0941AD5020}.MinSizeRel|Win32.ActiveCfg = MinSizeRel|Win32
		{C8C779CC-BF2F-474C-A8BE-CE0941AD5020}.MinSizeRel|Win32.Build.0 = MinSizeRel|Win32
		{C8C779CC-BF2F-474C-A8BE-CE0941AD5020}.Release|Win32.ActiveCfg = Release|Win32
		{C8C779CC-BF2F-474C-A8BE-CE0941AD5020}.Release|Win32.Build.0 = Release|Win32
		{C8C779CC-BF2F-474C-A8BE-CE0941AD5020}.RelWithDebInfo|Win32.ActiveCfg = RelWithDebInfo|Win32
		{C8C779CC-BF2F-474C-A8BE-CE0941AD5020}.RelWithDebInfo|Win32.Build.0 = RelWithDebInfo|Win32
		{401250EF-C102-4D1B-8683-9E69C78491C7}.Debug|Win32.ActiveCfg = Debug|Win32
		{401250EF-C102-4D1B-8683-9E69C78491C7}.Debug|Win32.Build.0 = Debug|Win32
		{401250EF-C102-4D1B-8683-9E69C78491C7}.MinSizeRel|Win32.ActiveCfg = MinSizeRel|Win32
		{401250EF-C102-4D1B-8683-9E69C78491C7}.MinSizeRel|Win32.Build.0 = MinSizeRel|Win32
		{401250EF-C102-4D1B-8683-9E69C78491C7}.Release|Win32.ActiveCfg = Release|Win32
		{401250EF-C102-4D1B-8683-9E69C78491C7}.Release|Win32.Build.0 = Release|Win32
		{401250EF-C102-4D1B-8683-9E69C78491C7}.RelWithDebInfo|Win32.ActiveCfg = RelWithDebInfo|Win32
		{401250EF-C102-4D1B-8683-9E69C78491C7}.RelWithDebInfo|Win32.Build.0 = RelWithDebInfo|Win32
		{C904086B-C7D0-46D4-A9EF-29FC502F3456}.Debug|Win32.ActiveCfg = Debug|Win32
		{C904086B-C7D0-46D4-A9EF-29FC502F3456}.Debug|Win32.Build.0 = Debug|Win32
		{C904086B-C7D0-46D4-A9EF-29FC502F3456}.MinSizeRel|Win32.ActiveCfg = MinSizeRel|Win32
		{C904086B-C7D0-46D4-A9EF-29FC502F3456}.MinSizeRel|Win32.Build.0 = MinSizeRel|Win32
		{C904086B-C7D0-46D4-A9EF-29FC502F3456}.Release|Win32.ActiveCfg = Release|Win32
		{C904086B-C7D0-46D4-A9EF-29FC502F3456}.Release|Win32.Build.0 = Release|Win32
		{C904086B-C7D0-46D4-A9EF-29FC502F3456}.RelWithDebInfo|Win32.ActiveCfg = RelWithDebInfo|Win32
		{C904086B-C7D0-46D4-A9EF-29FC502F3456}.RelWithDebInfo|Win32.Build.0 = RelWithDebInfo|Win32
		{FD7E4553-4806-406C-94E9-2DEFB62CC521}.Debug|Win32.ActiveCfg = Debug|Win32
		{FD7E4553-4806-406C-94E9-2DEFB62CC521}.Debug|Win32.Build.0 = Debug|Win32
		{FD7E4553-4806-406C-94E9-2DEFB62CC521}.MinSizeRel|Win32.ActiveCfg = MinSizeRel|Win32
		{FD7E4553-4806-406C-94E9-2DEFB62CC521}.MinSizeRel|Win32.Build.0 = MinSizeRel|Win32
		{FD7E4553-4806-406C-94E9-2DEFB62CC521}.Release|Win32.ActiveCfg = Release|Win32
		{FD7E4553-4806-406C-94E9-2DEFB62CC521}.Release|Win32.Build.0 = Release|Win32
		{FD7E4553-4806-406C-94E9-2DEFB62CC521}.RelWithDebInfo|Win32.ActiveCfg = RelWithDebInfo|Win32
		{FD7E4553-4806-406C-94E9-2DEFB62CC521}.RelWithDebInfo|Win32.Build.0 = RelWithDebInfo|Win32
		{226FA699-CFA1-4D15-9109-4EF791F7C9D8}.Debug|Win32.ActiveCfg = Debug|Win32
		{226FA699-CFA1-4D15-9109-4EF791F7C9D8}.Debug|Win32.Build.0 = Debug|Win32
		{226FA699-CFA1-4D15-9109-4EF791F7C9D8}.MinSizeRel|Win32.ActiveCfg = MinSizeRel|Win32
		{226FA699-CFA1-4D15-9109-4EF791F7C9D8}.MinSizeRel|Win32.Build.0 = MinSizeRel|Win32
		{226FA699-CFA1-4D15-9109-4EF791F7C9D8}.Release|Win32.ActiveCfg = Release|Win32
		{226FA699-CFA1-4D15-9109-4EF791F7C9D8}.Release|Win32.Build.0 = Release|Win32
		{226FA699-CFA1-4D15-9109-4EF791F7C9D8}.RelWithDebInfo|Win32.ActiveCfg = RelWithDebInfo|Win32
		{226FA699-CFA1-4D15-9109-4EF791F7C9D8}.RelWithDebInfo|Win32.Build.0 = RelWithDebInfo|Win32
		{C395F55B-BA77-4924-BEE9-D09DD82B5061}.Debug|Win32.ActiveCfg = Debug|Win32
		{C395F55B-BA77-4924-BEE9-D09DD82B5061}.Debug|Win32.Build.0 = Debug|Win32
		{C395F55B-BA77-4924-BEE9-D09DD82B5061}.MinSizeRel|Win32.ActiveCfg = MinSizeRel|Win32
		{C395F55B-BA77-4924-BEE9-D09DD82B5061}.MinSizeRel|Win32.Build.0 = MinSizeRel|Win32
		{C395F55B-BA77-4924-BEE9-D09DD82B5061}.Release|Win32.ActiveCfg = Release|Win32
		{C395F55B-BA77-4924-BEE9-D09DD82B5061}.Release|Win32.Build.0 = Release|Win32
		{C395F55B-BA77-4924-BEE9-D09DD82B5061}.RelWithDebInfo|Win32.ActiveCfg = RelWithDebInfo|Win32
		{C395F55B-BA77-4924-BEE9-D09DD82B5061}.RelWithDebInfo|Win32.Build.0 = RelWithDebInfo|Win32
		{91437A84-D4E2-4524-889B-8778BAEC7527}.Debug|Win32.ActiveCfg = Debug|Win32
		{91437A84-D4E2-4524-889B-8778BAEC7527}.Debug|Win32.Build.0 = Debug|Win32
		{91437A84-D4E2-4524-889B-8778BAEC7527}.MinSizeRel|Win32.ActiveCfg = MinSizeRel|Win32
		{91437A84-D4E2-4524-889B-8778BAEC7527}.MinSizeRel|Win32.Build.0 = MinSizeRel|Win32
		{91437A84-D4E2-4524-889B-8778BAEC7527}.Release|Win32.ActiveCfg = Release|Win32
		{91437A84-D4E2-4524-889B-8778BAEC7527}.Release|Win32.Build.0 = Release|Win32
		{91437A84-D4E2-4524-889B-8778BAEC7527}.RelWithDebInfo|Win32.ActiveCfg = RelWithDebInfo|Win32
		{91437A84-D4E2-4524-889B-8778BAEC7527}.RelWithDebInfo|Win32.Build.0 = RelWithDebInfo|Win32
		{070C1C2A-3F26-4D6E-9FEC-1E840FBF5B73}.Debug|Win32.ActiveCfg = Debug|Win32
		{070C1C2A-3F26-4D6E-9FEC-1E840FBF5B73}.Debug|Win32.Build.0 = Debug|Win32
		{070C1C2A-3F26-4D6E-9FEC-1E840FBF5B73}.MinSizeRel|Win32.ActiveCfg = MinSizeRel|Win32
		{070C1C2A-3F26-4D6E-9FEC-1E840FBF5B73}.MinSizeRel|Win32.Build.0 = MinSizeRel|Win32
		{070C1C2A-3F26-4D6E-9FEC-1E840FBF5B73}.Release|Win32.ActiveCfg = Release|Win32
		{070C1C2A-3F26-4D6E-9FEC-1E840FBF5B73}.Release|Win32.Build.0 = Release|Win32
		{070C1C2A-3F26-4D6E-9FEC-1E840FBF5B73}.RelWithDebInfo|Win32.ActiveCfg = RelWithDebInfo|Win32
		{070C1C2A-3F26-4D6E-9FEC-1E840FBF5B73}.RelWithDebInfo|Win32.Build.0 = RelWithDebInfo|Win32
		{D7733FBF-B1AB-42F9-B54E-E1114B1A2652}.Debug|Win32.ActiveCfg = Debug|Win32
		{D7733FBF-B1AB-42F9-B54E-E1114B1A2652}.Debug|Win32.Build.0 = Debug|Win32
		{D7733FBF-B1AB-42F9-B54E-E1114B1A2652}.MinSizeRel|Win32.ActiveCfg = MinSizeRel|Win32
		{D7733FBF-B1AB-42F9-B54E-E1114B1A2652}.MinSizeRel|Win32.Build.0 = MinSizeRel|Win32
		{D7733FBF-B1AB-42F9-B54E-E1114B1A2652}.Release|Win32.ActiveCfg = Release|Win32
		{D7733FBF-B1AB-42F9-B54E-E1114B1A2652}.Release|Win32.Build.0 = Release|Win32
		{D7733FBF-B1AB-42F9-B54E-E1114B1A2652}.RelWithDebInfo|Win32.ActiveCfg = RelWithDebInfo|Win32
		{D7733FBF-B1AB-42F9-B54E-E1114B1A2652}.RelWithDebInfo|Win32.Build.0 = RelWithDebInfo|Win32
		{59AB3966-C84D-406E-8DBF-F5A24A5A997C}.Debug|Win32.ActiveCfg = Debug|Win32
		{59AB3966-C84D-406E-8DBF-F5A24A5A997C}.Debug|Win32.Build.0 = Debug|Win32
		{59AB3966-C84D-406E-8DBF-F5A24A5A997C}.MinSizeRel|Win32.ActiveCfg = MinSizeRel|Win32
		{59AB3966-C84D-406E-8DBF-F5A24A5A997C}.MinSizeRel|Win32.Build.0 = MinSizeRel|Win32
		{59AB3966-C84D-406E-8DBF-F5A24A5A997C}.Release|Win32.ActiveCfg = Release|Win32
		{59AB3966-C84D-406E-8DBF-F5A24A5A997C}.Release|Win32.Build.0 = Release|Win32
		{59AB3966-C84D-406E-8DBF-F5A24A5A997C}.RelWithDebInfo|Win32.ActiveCfg = RelWithDebInfo|Win32
		{59AB3966-C84D-406E-8DBF-F5A24A5A997C}.RelWithDebInfo|Win32.Build.0 = RelWithDebInfo|Win32
		{83624933-D896-4210-9F3B-4EA3B91CCB12}.Debug|Win32.ActiveCfg = Debug|Win32
		{83624933-D896-4210-9F3B-4EA3B91CCB12}.Debug|Win32.Build.0 = Debug|Win32
		{83624933-D896-4210-9F3B-4EA3B91CCB12}.MinSizeRel|Win32.ActiveCfg = MinSizeRel|Win32
		{83624933-D896-4210-9F3B-4EA3B91CCB12}.MinSizeRel|Win32.Build.0 = MinSizeRel|Win32
		{83624933-D896-4210-9F3B-4EA3B91CCB12}.Release|Win32.ActiveCfg = Release|Win32
		{83624933-D896-4210-9F3B-4EA3B91CCB12}.Release|Win32.Build.0 = Release|Win32
		{83624933-D896-4210-9F3B-4EA3B91CCB12}.RelWithDebInfo|Win32.ActiveCfg = RelWithDebInfo|Win32
		{83624933-D896-4210-9F3B-4EA3B91CCB12}.RelWithDebInfo|Win32.Build.0 = RelWithDebInfo|Win32
		{66C75B45-3C68-4601-8AEC-1C26D0672484}.Debug|Win32.ActiveCfg = Debug|Win32
		{66C75B45-3C68-4601-8AEC-1C26D0672484}.Debug|Win32.Build.0 = Debug|Win32
		{66C75B45-3C68-4601-8AEC-1C26D0672484}.MinSizeRel|Win32.ActiveCfg = MinSizeRel|Win32
		{66C75B45-3C68-4601-8AEC-1C26D0672484}.MinSizeRel|Win32.Build.0 = MinSizeRel|Win32
		{66C75B45-3C68-4601-8AEC-1C26D0672484}.Release|Win32.ActiveCfg = Release|Win32
		{66C75B45-3C68-4601-8AEC-1C26D0672484}.Release|Win32.Build.0 = Release|Win32
		{66C75B45-3C68-4601-8AEC-1C26D0672484}.RelWithDebInfo|Win32.ActiveCfg = RelWithDebInfo|Win32
		{66C75B45-3C68-4601-8AEC-1C26D0672484}.RelWithDebInfo|Win32.Build.0 = RelWithDebInfo|Win32
		{150E653D-E9A9-4A1D-9629-99F6FCE31A38}.Debug|Win32.ActiveCfg = Debug|Win32
		{150E653D-E9A9-4A1D-9629-99F6FCE31A38}.Debug|Win32.Build.0 = Debug|Win32
		{150E653D-E9A9-4A1D-9629-99F6FCE31A38}.MinSizeRel|Win32.ActiveCfg = MinSizeRel|Win32
		{150E653D-E9A9-4A1D-9629-99F6FCE31A38}.MinSizeRel|Win32.Build.0 = MinSizeRel|Win32
		{150E653D-E9A9-4A1D-9629-99F6FCE31A38}.Release|Win32.ActiveCfg = Release|Win32
		{150E653D-E9A9-4A1D-9629-99F6FCE31A38}.Release|Win32.Build.0 = Release|Win32
		{150E653D-E9A9-4A1D-9629-99F6FCE31A38}.RelWithDebInfo|Win32.ActiveCfg = RelWithDebInfo|Win32
		{150E653D-E9A9-4A1D-9629-99F6FCE31A38}.RelWithDebInfo|Win32.Build.0 = RelWithDebInfo|Win32
		{7D4C1C30-4F98-40D3-9E08-072BEA284E5F}.Debug|Win32.ActiveCfg = Debug|Win32
		{7D4C1C30-4F98-40D3-9E08-072BEA284E5F}.MinSizeRel|Win32.ActiveCfg = MinSizeRel|Win32
		{7D4C1C30-4F98-40D3-9E08-072BEA284E5F}.Release|Win32.ActiveCfg = Release|Win32
		{7D4C1C30-4F98-40D3-9E08-072BEA284E5F}.RelWithDebInfo|Win32.ActiveCfg = RelWithDebInfo|Win32
		{C551A57B-288D-4814-91E5-933630AD1162}.Debug|Win32.ActiveCfg = Debug|Win32
		{C551A57B-288D-4814-91E5-933630AD1162}.Debug|Win32.Build.0 = Debug|Win32
		{C551A57B-288D-4814-91E5-933630AD1162}.MinSizeRel|Win32.ActiveCfg = MinSizeRel|Win32
		{C551A57B-288D-4814-91E5-933630AD1162}.MinSizeRel|Win32.Build.0 = MinSizeRel|Win32
		{C551A57B-288D-4814-91E5-933630AD1162}.Release|Win32.ActiveCfg = Release|Win32
		{C551A57B-288D-4814-91E5-933630AD1162}.Release|Win32.Build.0 = Release|Win32
		{C551A57B-288D-4814-91E5-933630AD1162}.RelWithDebInfo|Win32.ActiveCfg = RelWithDebInfo|Win32
		{C551A57B-288D-4814-91E5-933630AD1162}.RelWithDebInfo|Win32.Build.0 = RelWithDebInfo|Win32
		{39FD114A-2A30-4260-8FD9-D3A75304134B}.Debug|Win32.ActiveCfg = Debug|Win32
		{39FD114A-2A30-4260-8FD9-D3A75304134B}.Debug|Win32.Build.0 = Debug|Win32
		{39FD114A-2A30-4260-8FD9-D3A75304134B}.MinSizeRel|Win32.ActiveCfg = MinSizeRel|Win32
		{39FD114A-2A30-4260-8FD9-D3A75304134B}.MinSizeRel|Win32.Build.0 = MinSizeRel|Win32
		{39FD114A-2A30-4260-8FD9-D3A75304134B}.Release|Win32.ActiveCfg = Release|Win32
		{39FD114A-2A30-4260-8FD9-D3A75304134B}.Release|Win32.Build.0 = Release|Win32
		{39FD114A-2A30-4260-8FD9-D3A75304134B}.RelWithDebInfo|Win32.ActiveCfg = RelWithDebInfo|Win32
		{39FD114A-2A30-4260-8FD9-D3A75304134B}.RelWithDebInfo|Win32.Build.0 = RelWithDebInfo|Win32
		{CA6F85A0-E92B-4DB8-B1B5-4C9CB95F16D2}.Debug|Win32.ActiveCfg = Debug|Win32
		{CA6F85A0-E92B-4DB8-B1B5-4C9CB95F16D2}.Debug|Win32.Build.0 = Debug|Win32
		{CA6F85A0-E92B-4DB8-B1B5-4C9CB95F16D2}.MinSizeRel|Win32.ActiveCfg = MinSizeRel|Win32
		{CA6F85A0-E92B-4DB8-B1B5-4C9CB95F16D2}.MinSizeRel|Win32.Build.0 = MinSizeRel|Win32
		{CA6F85A0-E92B-4DB8-B1B5-4C9CB95F16D2}.Release|Win32.ActiveCfg = Release|Win32
		{CA6F85A0-E92B-4DB8-B1B5-4C9CB95F16D2}.Release|Win32.Build.0 = Release|Win32
		{CA6F85A0-E92B-4DB8-B1B5-4C9CB95F16D2}.RelWithDebInfo|Win32.ActiveCfg = RelWithDebInfo|Win32
		{CA6F85A0-E92B-4DB8-B1B5-4C9CB95F16D2}.RelWithDebInfo|Win32.Build.0 = RelWithDebInfo|Win32
		{2875E08B-44E0-4300-BA8F-5B05AD929D4E}.Debug|Win32.ActiveCfg = Debug|Win32
		{2875E08B-44E0-4300-BA8F-5B05AD929D4E}.Debug|Win32.Build.0 = Debug|Win32
		{2875E08B-44E0-4300-BA8F-5B05AD929D4E}.MinSizeRel|Win32.ActiveCfg = MinSizeRel|Win32
		{2875E08B-44E0-4300-BA8F-5B05AD929D4E}.MinSizeRel|Win32.Build.0 = MinSizeRel|Win32
		{2875E08B-44E0-4300-BA8F-5B05AD929D4E}.Release|Win32.ActiveCfg = Release|Win32
		{2875E08B-44E0-4300-BA8F-5B05AD929D4E}.Release|Win32.Build.0 = Release|Win32
		{2875E08B-44E0-4300-BA8F-5B05AD929D4E}.RelWithDebInfo|Win32.ActiveCfg = RelWithDebInfo|Win32
		{2875E08B-44E0-4300-BA8F-5B05AD929D4E}.RelWithDebInfo|Win32.Build.0 = RelWithDebInfo|Win32
		{6AFB2C1A-0E97-4C41-AB5F-CE9059242E45}.Debug|Win32.ActiveCfg = Debug|Win32
		{6AFB2C1A-0E97-4C41-AB5F-CE9059242E45}.Debug|Win32.Build.0 = Debug|Win32
		{6AFB2C1A-0E97-4C41-AB5F-CE9059242E45}.MinSizeRel|Win32.ActiveCfg = Release|Win32
		{6AFB2C1A-0E97-4C41-AB5F-CE9059242E45}.MinSizeRel|Win32.Build.0 = Release|Win32
		{6AFB2C1A-0E97-4C41-AB5F-CE9059242E45}.Release|Win32.ActiveCfg = Release|Win32
		{6AFB2C1A-0E97-4C41-AB5F-CE9059242E45}.Release|Win32.Build.0 = Release|Win32
		{6AFB2C1A-0E97-4C41-AB5F-CE9059242E45}.RelWithDebInfo|Win32.ActiveCfg = Release|Win32
		{6AFB2C1A-0E97-4C41-AB5F-CE9059242E45}.RelWithDebInfo|Win32.Build.0 = Release|Win32
	EndGlobalSection
	GlobalSection(SolutionProperties) = preSolution
		HideSolutionNode = FALSE
	EndGlobalSection
EndGlobal
